// !$*UTF8*$!
{
	archiveVersion = 1;
	classes = {
	};
	objectVersion = 52;
	objects = {

/* Begin PBXBuildFile section */
		0207DA581B56EA530066E2B4 /* Images.xcassets in Resources */ = {isa = PBXBuildFile; fileRef = 0207DA571B56EA530066E2B4 /* Images.xcassets */; };
		043BE5E2B5C94D6EAD1ED131 /* CDVWKProcessPoolFactory.m in Sources */ = {isa = PBXBuildFile; fileRef = 5D27B2B423D14261B6965993 /* CDVWKProcessPoolFactory.m */; };
		09453CE690AA430F95949C5A /* Reader-Mark-N.png in Resources */ = {isa = PBXBuildFile; fileRef = 799159D4A0C34C33B356FA60 /* Reader-Mark-N.png */; };
		0D58B95C5B1C4E4B978C68A8 /* CDVConnection.m in Sources */ = {isa = PBXBuildFile; fileRef = 0844303D43A44EEEA8B21214 /* CDVConnection.m */; };
		16F5021657B14F9DBFAA4829 /* ThumbsMainToolbar+SDVThumbsMainToolbarPassThrough.m in Sources */ = {isa = PBXBuildFile; fileRef = 7E51DA980F6F45D78CE290D3 /* ThumbsMainToolbar+SDVThumbsMainToolbarPassThrough.m */; };
		183775173A054FA2A08BD533 /* CDVWKWebViewUIDelegate.m in Sources */ = {isa = PBXBuildFile; fileRef = EFE5B2ACA663483D802C12D2 /* CDVWKWebViewUIDelegate.m */; };
		1D3623260D0F684500981E51 /* AppDelegate.m in Sources */ = {isa = PBXBuildFile; fileRef = 1D3623250D0F684500981E51 /* AppDelegate.m */; };
		1D60589B0D05DD56006BFB54 /* main.m in Sources */ = {isa = PBXBuildFile; fileRef = 29B97316FDCFA39411CA2CEA /* main.m */; };
		1FE975459017465894107E1D /* CDVLocalFilesystem.m in Sources */ = {isa = PBXBuildFile; fileRef = 48CB1CD8CC97443ABBDC5E0C /* CDVLocalFilesystem.m */; };
		25F28BE999B14D57B07ACD94 /* CoreTelephony.framework in Frameworks */ = {isa = PBXBuildFile; fileRef = 049D2677E5B6462A957583C9 /* CoreTelephony.framework */; };
		25FD1A501F114AF7A8CA4E75 /* MessageUI.framework in Frameworks */ = {isa = PBXBuildFile; fileRef = C9EEDBD3AF4E46C2BB2A1A26 /* MessageUI.framework */; };
		2C5E3360B1D447349E12F83C /* CDVFile.m in Sources */ = {isa = PBXBuildFile; fileRef = 11723859B1684132A097BC36 /* CDVFile.m */; };
		2E14E4FD2B794AB3B6872301 /* CDVAssetLibraryFilesystem.m in Sources */ = {isa = PBXBuildFile; fileRef = 0D4DE87609914AABA269B012 /* CDVAssetLibraryFilesystem.m */; };
		2F6244F96DD94B8181239F67 /* SDVReader-Outline@2x.png in Resources */ = {isa = PBXBuildFile; fileRef = BCD4F0F1C53442E18AB84D45 /* SDVReader-Outline@2x.png */; };
		301BF552109A68D80062928A /* libCordova.a in Frameworks */ = {isa = PBXBuildFile; fileRef = 301BF535109A57CC0062928A /* libCordova.a */; settings = {ATTRIBUTES = (Required, ); }; };
		302D95F114D2391D003F00A1 /* MainViewController.m in Sources */ = {isa = PBXBuildFile; fileRef = 302D95EF14D2391D003F00A1 /* MainViewController.m */; };
		302D95F214D2391D003F00A1 /* MainViewController.xib in Resources */ = {isa = PBXBuildFile; fileRef = 302D95F014D2391D003F00A1 /* MainViewController.xib */; };
		318468C05BB64C95B74B72E2 /* SDVReader-SinglePage.png in Resources */ = {isa = PBXBuildFile; fileRef = 1197F766860248CB8CDB2A57 /* SDVReader-SinglePage.png */; };
		34EA190C1AAA49E79BA145D5 /* FileOpener2.m in Sources */ = {isa = PBXBuildFile; fileRef = AA5BBA3A20AB48EBA8C54CB0 /* FileOpener2.m */; };
		3532F1C425CD4C3990F991B4 /* SDVReader-DoublePage@2x.png in Resources */ = {isa = PBXBuildFile; fileRef = C1F5C8251AE54901B9BB3D2F /* SDVReader-DoublePage@2x.png */; };
		353DF683EB6F4240ACAEE2E5 /* CDVWKInAppBrowserUIDelegate.m in Sources */ = {isa = PBXBuildFile; fileRef = 1E9CB82C8BBD4DC5A7C547D6 /* CDVWKInAppBrowserUIDelegate.m */; };
		3702630FD8B24A64A820FCCE /* ReaderThumbRender.m in Sources */ = {isa = PBXBuildFile; fileRef = 424DB463411540DF835B7CED /* ReaderThumbRender.m */; };
		370F3AA600B74261AE44B513 /* ReaderConstants.m in Sources */ = {isa = PBXBuildFile; fileRef = E7895A48EAE34697AEEF216B /* ReaderConstants.m */; };
		37C52CADFE4C4A56BA7600A9 /* PhotoViewer.m in Sources */ = {isa = PBXBuildFile; fileRef = 8AA0A37F742248788DD50618 /* PhotoViewer.m */; };
		3AD2B3D4FAC944F4BE64D3B8 /* NativeStorage.m in Sources */ = {isa = PBXBuildFile; fileRef = 0443DA00A5E14D6588A23347 /* NativeStorage.m */; };
		3CD6A63ECC3A4F4085F7AC1A /* ReaderThumbFetch.m in Sources */ = {isa = PBXBuildFile; fileRef = 7BF19DA660554E50A71A0D1F /* ReaderThumbFetch.m */; };
		3E27A72539C94FD1AD63F923 /* ReaderViewController+SDVReaderViewControllerPassThrough.m in Sources */ = {isa = PBXBuildFile; fileRef = 92A9089CC3A54FFABCA05632 /* ReaderViewController+SDVReaderViewControllerPassThrough.m */; };
		3F50BE881B5C4DDEB990F278 /* Reader-Print.png in Resources */ = {isa = PBXBuildFile; fileRef = BA9221ACE6A94D8BA8B73371 /* Reader-Print.png */; };
		3FFF5BAD1FBE41E394B19927 /* ReaderContentPage.m in Sources */ = {isa = PBXBuildFile; fileRef = 9B0F3C75466E4BEEBB33602E /* ReaderContentPage.m */; };
		409445636CE74656B4388A10 /* CGPDFDocument.m in Sources */ = {isa = PBXBuildFile; fileRef = 6E66129E7F704AFA9866212C /* CGPDFDocument.m */; };
		43E9B38038054E72A9ECDCAF /* SDVReaderMainPagebar.m in Sources */ = {isa = PBXBuildFile; fileRef = 60772D0A0A03435EB024DF65 /* SDVReaderMainPagebar.m */; };
		465B4E1145004D86995BE09E /* CDVWKInAppBrowser.m in Sources */ = {isa = PBXBuildFile; fileRef = 544F978DB6D5491498E15AB7 /* CDVWKInAppBrowser.m */; };
		4A6B8D869DE441018E7F57B2 /* SDVReader-CoverPage@2x.png in Resources */ = {isa = PBXBuildFile; fileRef = F762AB7AD1324869AB521E4F /* SDVReader-CoverPage@2x.png */; };
		4D16707714374E15AFF06B22 /* UIXToolbarView.m in Sources */ = {isa = PBXBuildFile; fileRef = BE50B7E7539247A0A0FED67B /* UIXToolbarView.m */; };
		5135ABB72D9D4F5E9670A16D /* ReaderThumbsView.m in Sources */ = {isa = PBXBuildFile; fileRef = D125FE763EF447EFBFCCECBD /* ReaderThumbsView.m */; };
		5607BAF989044A9B995F6EB9 /* ThumbsViewController+SDVThumbsViewControllerPassThrough.m in Sources */ = {isa = PBXBuildFile; fileRef = 27447645BD614163B8D58243 /* ThumbsViewController+SDVThumbsViewControllerPassThrough.m */; };
		587D570F552040C3800FC27A /* SDVThumbsMainToolbar.m in Sources */ = {isa = PBXBuildFile; fileRef = 65800DDE0A4F4537BBBBBF99 /* SDVThumbsMainToolbar.m */; };
		5972AF53A4AD401F8B8C6947 /* sqlite3.c in Sources */ = {isa = PBXBuildFile; fileRef = ABCD12C2B4504DBF8589DBD1 /* sqlite3.c */; settings = {COMPILER_FLAGS = "-w -DSQLITE_THREADSAFE=1 -DSQLITE_DEFAULT_SYNCHRONOUS=3 -DSQLITE_DEFAULT_MEMSTATUS=0 -DSQLITE_OMIT_DECLTYPE -DSQLITE_OMIT_DEPRECATED -DSQLITE_OMIT_PROGRESS_CALLBACK -DSQLITE_OMIT_SHARED_CACHE -DSQLITE_TEMP_STORE=2 -DSQLITE_OMIT_LOAD_EXTENSION -DSQLITE_ENABLE_FTS3 -DSQLITE_ENABLE_FTS3_PARENTHESIS -DSQLITE_ENABLE_FTS4 -DSQLITE_ENABLE_RTREE -DSQLITE_DEFAULT_PAGE_SIZE=1024"; }; };
		5A80E71F80294D7284A5B874 /* SDVReaderContentViewDoublePage.m in Sources */ = {isa = PBXBuildFile; fileRef = 9009ABA378BB49DA88C7D97C /* SDVReaderContentViewDoublePage.m */; };
		5B5FFDDD8DDB41F3AA2BC645 /* WebKit.framework in Frameworks */ = {isa = PBXBuildFile; fileRef = 10A53DBCF4314EB6B19FEBC6 /* WebKit.framework */; settings = {ATTRIBUTES = (Weak, ); }; };
		643ED09C6778425B9249D05D /* ReaderMainToolbar.m in Sources */ = {isa = PBXBuildFile; fileRef = E30B81B8CB2F455FA305E66F /* ReaderMainToolbar.m */; };
		6701278DEAD74BB297005840 /* Reader-Print@2x.png in Resources */ = {isa = PBXBuildFile; fileRef = 488F4D305E344596A8423EF1 /* Reader-Print@2x.png */; };
		6AFF5BF91D6E424B00AB3073 /* CDVLaunchScreen.storyboard in Resources */ = {isa = PBXBuildFile; fileRef = 6AFF5BF81D6E424B00AB3073 /* CDVLaunchScreen.storyboard */; };
		6F13C6F0ECA3454EBCD5CC96 /* ReaderThumbCache.m in Sources */ = {isa = PBXBuildFile; fileRef = 76F09454E09740E596A3878D /* ReaderThumbCache.m */; };
		745B6B07DD4F41C5B70F41D4 /* Reader-Mark-N@2x.png in Resources */ = {isa = PBXBuildFile; fileRef = 8D7754F8E73549F7BF5201EC /* Reader-Mark-N@2x.png */; };
		76430473661E4B5CA13896BF /* SystemConfiguration.framework in Frameworks */ = {isa = PBXBuildFile; fileRef = 503C3049495248D4A8295A1E /* SystemConfiguration.framework */; settings = {ATTRIBUTES = (Weak, ); }; };
		78E8CE78F9DA4BA0ACFB4F12 /* Reader-Email@2x.png in Resources */ = {isa = PBXBuildFile; fileRef = 5716DD01472646B686C7F489 /* Reader-Email@2x.png */; };
		7D14A1D654114D3BBFC67550 /* ReaderViewController.m in Sources */ = {isa = PBXBuildFile; fileRef = A0050BD11C964471B91421DD /* ReaderViewController.m */; };
		7D34957AE51D45E998B48162 /* SQLitePlugin.m in Sources */ = {isa = PBXBuildFile; fileRef = C6B594BB42914000B1B1FEF8 /* SQLitePlugin.m */; };
		7E1A912D130C49DDBB489D33 /* Reader-Thumbs.png in Resources */ = {isa = PBXBuildFile; fileRef = AE26E180F8764C1BB04828AF /* Reader-Thumbs.png */; };
		824F5AF56CB6485F85992E25 /* ReaderThumbView.m in Sources */ = {isa = PBXBuildFile; fileRef = 35555B114E87422A938ACBC2 /* ReaderThumbView.m */; };
		86BAD946991F41868FA85937 /* Reader-Export.png in Resources */ = {isa = PBXBuildFile; fileRef = 49FE2231D59B4E74ACB0BEDD /* Reader-Export.png */; };
		885077160BFC4666930C7135 /* ReaderThumbRequest.m in Sources */ = {isa = PBXBuildFile; fileRef = 3EBEF8A141D74C2585A16A9C /* ReaderThumbRequest.m */; };
		89A76F29A54241F8BD57597C /* SDVReader-CoverPage.png in Resources */ = {isa = PBXBuildFile; fileRef = 8C58E7D9AA9843D6AB8FB528 /* SDVReader-CoverPage.png */; };
		89BDFCBBDFBD4107A9E5ECA1 /* CDVViewController+SplashScreen.m in Sources */ = {isa = PBXBuildFile; fileRef = 6E63DA7F413140488BD532BB /* CDVViewController+SplashScreen.m */; };
		8B8CF6616FB4455A8F0A7E73 /* CDVInAppBrowserNavigationController.m in Sources */ = {isa = PBXBuildFile; fileRef = F48BB96C66A94260BBA3DFBD /* CDVInAppBrowserNavigationController.m */; };
		8DF5884F44B4447DA6AD736C /* ImageIO.framework in Frameworks */ = {isa = PBXBuildFile; fileRef = 0617F460187D4A5FAD4600B1 /* ImageIO.framework */; };
		8F5533CD480E42618169063E /* CDVSplashScreen.m in Sources */ = {isa = PBXBuildFile; fileRef = 0DE09D86640E4016834F8E32 /* CDVSplashScreen.m */; };
		90339E8DEDC2477295970453 /* Reader-Button-H@2x.png in Resources */ = {isa = PBXBuildFile; fileRef = FC4C0D779E8B49DA97FC5FDE /* Reader-Button-H@2x.png */; };
		93333ECA1F7349149B7EE1C2 /* Reader-Mark-Y.png in Resources */ = {isa = PBXBuildFile; fileRef = F3ECEBF51529496CBD016751 /* Reader-Mark-Y.png */; };
		96A6F65300B74A0EB48E47DF /* Reader-Email.png in Resources */ = {isa = PBXBuildFile; fileRef = 10F4E3AE3F7942FCB033A4D6 /* Reader-Email.png */; };
		984C441CEB984ADA831E1C2B /* SitewaertsDocumentViewer.m in Sources */ = {isa = PBXBuildFile; fileRef = 72D7539F5E8745D09B50A9FB /* SitewaertsDocumentViewer.m */; };
		9E1330B76B8246768EF259BF /* ReaderContentView.m in Sources */ = {isa = PBXBuildFile; fileRef = 258DF079CAA34D32B39C969C /* ReaderContentView.m */; };
		A253700F0EE8476A9426E641 /* Reader-Mark-Y@2x.png in Resources */ = {isa = PBXBuildFile; fileRef = CBC5996C87E1475C8EE93E5B /* Reader-Mark-Y@2x.png */; };
		A2E7BA3B02724B5D87520BD5 /* QuartzCore.framework in Frameworks */ = {isa = PBXBuildFile; fileRef = E51DB682FEA24328BD746C79 /* QuartzCore.framework */; };
		A605542989014D6B8F4CAFF0 /* OneSignalPush.m in Sources */ = {isa = PBXBuildFile; fileRef = E7732F539D9249F6973461A8 /* OneSignalPush.m */; };
		AC36F159543D43B79E1F39AE /* ThumbsMainToolbar.m in Sources */ = {isa = PBXBuildFile; fileRef = 182550EFFE574B8399E10B87 /* ThumbsMainToolbar.m */; };
		B4352E72CF684861B3FD9C1C /* Reader-Thumbs@2x.png in Resources */ = {isa = PBXBuildFile; fileRef = 65CAF3CDF95E40E3A7476F75 /* Reader-Thumbs@2x.png */; };
		BAEE079047B4449E90749DD4 /* ReaderDocumentOutline.m in Sources */ = {isa = PBXBuildFile; fileRef = E04081193F6A4DB8B67C4A65 /* ReaderDocumentOutline.m */; };
		C2220D0F2345404696600DCE /* SDVReader-Outline.png in Resources */ = {isa = PBXBuildFile; fileRef = E81DC3585ABA4F3BB24F08D8 /* SDVReader-Outline.png */; };
		CB10AAA743824165AAAEAAF1 /* Reader-Button-H.png in Resources */ = {isa = PBXBuildFile; fileRef = 8C6B1763BE1F4E47A1FE7D37 /* Reader-Button-H.png */; };
		CB62249AC5DA4CDBB1AA6C97 /* CDVStatusBar.m in Sources */ = {isa = PBXBuildFile; fileRef = F80D1207C27445BD885E4CCA /* CDVStatusBar.m */; };
		CC5FECDF54E1BFDAB7E1FBB8 /* libPods-SMO.a in Frameworks */ = {isa = PBXBuildFile; fileRef = BC71E44CBDDCCFBB4EFDE523 /* libPods-SMO.a */; };
		CE4AA9AFEC2E45A9AA94DAD2 /* CDVReachability.m in Sources */ = {isa = PBXBuildFile; fileRef = 7BC490AB96D54C188CF37374 /* CDVReachability.m */; };
		CE7E9BD469DE49D19D6AEA29 /* ReaderThumbQueue.m in Sources */ = {isa = PBXBuildFile; fileRef = 2CDE3F3BF0F242CFBE95E8B6 /* ReaderThumbQueue.m */; };
		CED80082774F4A8ABAC2124A /* Reader-Export@2x.png in Resources */ = {isa = PBXBuildFile; fileRef = 8D4C2DDAA5F84FD4851F46F1 /* Reader-Export@2x.png */; };
		D11B7650C97342469619B2E7 /* SDVReaderViewController.m in Sources */ = {isa = PBXBuildFile; fileRef = 6C6796EE01B440A3BE8C2F10 /* SDVReaderViewController.m */; };
		D18D31A859444B5D92D1C5CF /* CDVDevice.m in Sources */ = {isa = PBXBuildFile; fileRef = FC6A463FC4AF4A059BAA1FFE /* CDVDevice.m */; };
		D50C4174E381483F9297F7D9 /* ThumbsViewController.m in Sources */ = {isa = PBXBuildFile; fileRef = 5B699B8D30494EFBAFDCC195 /* ThumbsViewController.m */; };
		D870499700EC405897AEC781 /* CDVInAppBrowserOptions.m in Sources */ = {isa = PBXBuildFile; fileRef = 4C9505A7DBF7477894F0FE27 /* CDVInAppBrowserOptions.m */; };
		D903543B87A640ABB878D3F7 /* ReaderDocument.m in Sources */ = {isa = PBXBuildFile; fileRef = 70D9EDD22547427C8883AB1B /* ReaderDocument.m */; };
		D95C516F62EF4728B9EFF23E /* PSPDFThreadSafeMutableDictionary.m in Sources */ = {isa = PBXBuildFile; fileRef = 8FDD58204AA04217B779A63E /* PSPDFThreadSafeMutableDictionary.m */; settings = {COMPILER_FLAGS = "-w"; }; };
		DFB1DA7B93894B8384C260A1 /* SDVReader-DoublePage.png in Resources */ = {isa = PBXBuildFile; fileRef = FE191EBFA18A4113B35AAF1C /* SDVReader-DoublePage.png */; };
		E1EED10C3AC244298F435F46 /* SDVReaderMainToolbar.m in Sources */ = {isa = PBXBuildFile; fileRef = FAF8775C8F934EE996A607A1 /* SDVReaderMainToolbar.m */; };
		E3C52CACFFD44D018EC359FC /* CDVWKWebViewEngine.m in Sources */ = {isa = PBXBuildFile; fileRef = 11489C4626E44A82BAF5A58D /* CDVWKWebViewEngine.m */; };
		E3ECCA5698384355A6A371F1 /* Default-568h@2x.png in Resources */ = {isa = PBXBuildFile; fileRef = 9CBE63A4736347549A6076A5 /* Default-568h@2x.png */; };
		E48CCAB2ED15436DA104A574 /* SDVThumbsViewController.m in Sources */ = {isa = PBXBuildFile; fileRef = 65DB93034341418DBDA70D2A /* SDVThumbsViewController.m */; };
		E9CFB475596F4D06AF756442 /* UIKit.framework in Frameworks */ = {isa = PBXBuildFile; fileRef = 1810A3CBA75246D78A50F439 /* UIKit.framework */; };
		EA6682E3604C4EEDAFA23AA8 /* ReaderMainPagebar.m in Sources */ = {isa = PBXBuildFile; fileRef = 5040F6BE3855419FBCB3D615 /* ReaderMainPagebar.m */; };
		EC1B0D85596E44DEBD5D46CC /* Foundation.framework in Frameworks */ = {isa = PBXBuildFile; fileRef = B30AE6ED6FCE4C1E92CC2A16 /* Foundation.framework */; };
		EDDD9C0F5B2B4A92857808E3 /* CDVIonicKeyboard.m in Sources */ = {isa = PBXBuildFile; fileRef = 2D64FE21140E466CBECE321F /* CDVIonicKeyboard.m */; };
		EFA779AEAB0F454DAC98030F /* IONAssetHandler.m in Sources */ = {isa = PBXBuildFile; fileRef = D453E4D242F14A8B9E5DAE28 /* IONAssetHandler.m */; };
		F000B29F46D144A39531D0EC /* ReaderMainToolbar+SDVReaderMainToolbarPassThrough.m in Sources */ = {isa = PBXBuildFile; fileRef = EE8006359A634BDDABAF9807 /* ReaderMainToolbar+SDVReaderMainToolbarPassThrough.m */; };
		F2969BB1EBFA41E7B282CF58 /* Reader-Button-N.png in Resources */ = {isa = PBXBuildFile; fileRef = 870184088C77426381A23FA4 /* Reader-Button-N.png */; };
		FAD3A1AB41A848AAAC3889EA /* SDVReader-SinglePage@2x.png in Resources */ = {isa = PBXBuildFile; fileRef = 28E5D9FEC61D434FB220E606 /* SDVReader-SinglePage@2x.png */; };
		FB9FDEB2E9144C9BB5F301A2 /* ReaderContentTile.m in Sources */ = {isa = PBXBuildFile; fileRef = 0DF44418D264422F95685CF7 /* ReaderContentTile.m */; };
		FBAFBD5083E74D8CB1351407 /* Reader-Button-N@2x.png in Resources */ = {isa = PBXBuildFile; fileRef = 47590234C1484E97AAD5FCDF /* Reader-Button-N@2x.png */; };
/* End PBXBuildFile section */

/* Begin PBXContainerItemProxy section */
		301BF534109A57CC0062928A /* PBXContainerItemProxy */ = {
			isa = PBXContainerItemProxy;
			containerPortal = 301BF52D109A57CC0062928A /* CordovaLib.xcodeproj */;
			proxyType = 2;
			remoteGlobalIDString = D2AAC07E0554694100DB518D;
			remoteInfo = CordovaLib;
		};
		301BF550109A68C00062928A /* PBXContainerItemProxy */ = {
			isa = PBXContainerItemProxy;
			containerPortal = 301BF52D109A57CC0062928A /* CordovaLib.xcodeproj */;
			proxyType = 1;
			remoteGlobalIDString = D2AAC07D0554694100DB518D;
			remoteInfo = CordovaLib;
		};
		907D8123214C687600058A10 /* PBXContainerItemProxy */ = {
			isa = PBXContainerItemProxy;
			containerPortal = 301BF52D109A57CC0062928A /* CordovaLib.xcodeproj */;
			proxyType = 2;
			remoteGlobalIDString = C0C01EB21E3911D50056E6CB;
			remoteInfo = Cordova;
		};
/* End PBXContainerItemProxy section */

/* Begin PBXFileReference section */
		00E93C4CDCE9413C9D571462 /* FileOpener2.h */ = {isa = PBXFileReference; explicitFileType = undefined; fileEncoding = 4; includeInIndex = 0; lastKnownFileType = sourcecode.c.h; name = FileOpener2.h; path = "cordova-plugin-file-opener2/FileOpener2.h"; sourceTree = "<group>"; };
		0207DA571B56EA530066E2B4 /* Images.xcassets */ = {isa = PBXFileReference; lastKnownFileType = folder.assetcatalog; name = Images.xcassets; path = SMO/Images.xcassets; sourceTree = SOURCE_ROOT; };
		0443DA00A5E14D6588A23347 /* NativeStorage.m */ = {isa = PBXFileReference; explicitFileType = undefined; fileEncoding = 4; includeInIndex = 0; lastKnownFileType = sourcecode.c.objc; name = NativeStorage.m; path = "cordova-plugin-nativestorage/NativeStorage.m"; sourceTree = "<group>"; };
		049D2677E5B6462A957583C9 /* CoreTelephony.framework */ = {isa = PBXFileReference; explicitFileType = undefined; fileEncoding = 9; includeInIndex = 0; lastKnownFileType = wrapper.framework; name = CoreTelephony.framework; path = System/Library/Frameworks/CoreTelephony.framework; sourceTree = SDKROOT; };
		0617F460187D4A5FAD4600B1 /* ImageIO.framework */ = {isa = PBXFileReference; explicitFileType = undefined; fileEncoding = 9; includeInIndex = 0; lastKnownFileType = wrapper.framework; name = ImageIO.framework; path = System/Library/Frameworks/ImageIO.framework; sourceTree = SDKROOT; };
		0844303D43A44EEEA8B21214 /* CDVConnection.m */ = {isa = PBXFileReference; explicitFileType = undefined; fileEncoding = 4; includeInIndex = 0; lastKnownFileType = sourcecode.c.objc; name = CDVConnection.m; path = "cordova-plugin-network-information/CDVConnection.m"; sourceTree = "<group>"; };
		092A9886E75E46EEA9E4A122 /* ReaderDocumentOutline.h */ = {isa = PBXFileReference; explicitFileType = undefined; fileEncoding = 4; includeInIndex = 0; lastKnownFileType = sourcecode.c.h; name = ReaderDocumentOutline.h; path = "cordova-plugin-document-viewer/ReaderDocumentOutline.h"; sourceTree = "<group>"; };
		0CCD282F5B024462B14C59CF /* ReaderDocument.h */ = {isa = PBXFileReference; explicitFileType = undefined; fileEncoding = 4; includeInIndex = 0; lastKnownFileType = sourcecode.c.h; name = ReaderDocument.h; path = "cordova-plugin-document-viewer/ReaderDocument.h"; sourceTree = "<group>"; };
		0D4DE87609914AABA269B012 /* CDVAssetLibraryFilesystem.m */ = {isa = PBXFileReference; explicitFileType = undefined; fileEncoding = 4; includeInIndex = 0; lastKnownFileType = sourcecode.c.objc; name = CDVAssetLibraryFilesystem.m; path = "cordova-plugin-file/CDVAssetLibraryFilesystem.m"; sourceTree = "<group>"; };
		0DE09D86640E4016834F8E32 /* CDVSplashScreen.m */ = {isa = PBXFileReference; explicitFileType = undefined; fileEncoding = 4; includeInIndex = 0; lastKnownFileType = sourcecode.c.objc; name = CDVSplashScreen.m; path = "cordova-plugin-splashscreen/CDVSplashScreen.m"; sourceTree = "<group>"; };
		0DF44418D264422F95685CF7 /* ReaderContentTile.m */ = {isa = PBXFileReference; explicitFileType = undefined; fileEncoding = 4; includeInIndex = 0; lastKnownFileType = sourcecode.c.objc; name = ReaderContentTile.m; path = "cordova-plugin-document-viewer/ReaderContentTile.m"; sourceTree = "<group>"; };
		10A53DBCF4314EB6B19FEBC6 /* WebKit.framework */ = {isa = PBXFileReference; explicitFileType = undefined; fileEncoding = 9; includeInIndex = 0; lastKnownFileType = wrapper.framework; name = WebKit.framework; path = System/Library/Frameworks/WebKit.framework; sourceTree = SDKROOT; };
		10F4E3AE3F7942FCB033A4D6 /* Reader-Email.png */ = {isa = PBXFileReference; explicitFileType = undefined; fileEncoding = 9; includeInIndex = 0; lastKnownFileType = unknown; path = "Reader-Email.png"; sourceTree = "<group>"; };
		11489C4626E44A82BAF5A58D /* CDVWKWebViewEngine.m */ = {isa = PBXFileReference; explicitFileType = undefined; fileEncoding = 4; includeInIndex = 0; lastKnownFileType = sourcecode.c.objc; name = CDVWKWebViewEngine.m; path = "cordova-plugin-ionic-webview/CDVWKWebViewEngine.m"; sourceTree = "<group>"; };
		11723859B1684132A097BC36 /* CDVFile.m */ = {isa = PBXFileReference; explicitFileType = undefined; fileEncoding = 4; includeInIndex = 0; lastKnownFileType = sourcecode.c.objc; name = CDVFile.m; path = "cordova-plugin-file/CDVFile.m"; sourceTree = "<group>"; };
		1197F766860248CB8CDB2A57 /* SDVReader-SinglePage.png */ = {isa = PBXFileReference; explicitFileType = undefined; fileEncoding = 9; includeInIndex = 0; lastKnownFileType = unknown; path = "SDVReader-SinglePage.png"; sourceTree = "<group>"; };
		14C547F3C3A946DA9DBE1AF3 /* CDVWKInAppBrowserUIDelegate.h */ = {isa = PBXFileReference; explicitFileType = undefined; fileEncoding = 4; includeInIndex = 0; lastKnownFileType = sourcecode.c.h; name = CDVWKInAppBrowserUIDelegate.h; path = "cordova-plugin-inappbrowser/CDVWKInAppBrowserUIDelegate.h"; sourceTree = "<group>"; };
		1810A3CBA75246D78A50F439 /* UIKit.framework */ = {isa = PBXFileReference; explicitFileType = undefined; fileEncoding = 9; includeInIndex = 0; lastKnownFileType = wrapper.framework; name = UIKit.framework; path = System/Library/Frameworks/UIKit.framework; sourceTree = SDKROOT; };
		182550EFFE574B8399E10B87 /* ThumbsMainToolbar.m */ = {isa = PBXFileReference; explicitFileType = undefined; fileEncoding = 4; includeInIndex = 0; lastKnownFileType = sourcecode.c.objc; name = ThumbsMainToolbar.m; path = "cordova-plugin-document-viewer/ThumbsMainToolbar.m"; sourceTree = "<group>"; };
		190D926AACE24AEFB537BAA0 /* ReaderMainPagebar.h */ = {isa = PBXFileReference; explicitFileType = undefined; fileEncoding = 4; includeInIndex = 0; lastKnownFileType = sourcecode.c.h; name = ReaderMainPagebar.h; path = "cordova-plugin-document-viewer/ReaderMainPagebar.h"; sourceTree = "<group>"; };
		1AE4D060F2FF455EB25B3204 /* CDVSplashScreen.h */ = {isa = PBXFileReference; explicitFileType = undefined; fileEncoding = 4; includeInIndex = 0; lastKnownFileType = sourcecode.c.h; name = CDVSplashScreen.h; path = "cordova-plugin-splashscreen/CDVSplashScreen.h"; sourceTree = "<group>"; };
		1C1A50A25D474832AEA2B62F /* ReaderThumbFetch.h */ = {isa = PBXFileReference; explicitFileType = undefined; fileEncoding = 4; includeInIndex = 0; lastKnownFileType = sourcecode.c.h; name = ReaderThumbFetch.h; path = "cordova-plugin-document-viewer/ReaderThumbFetch.h"; sourceTree = "<group>"; };
		1C1CD51EA51646FA92226FA0 /* CDVWKWebViewUIDelegate.h */ = {isa = PBXFileReference; explicitFileType = undefined; fileEncoding = 4; includeInIndex = 0; lastKnownFileType = sourcecode.c.h; name = CDVWKWebViewUIDelegate.h; path = "cordova-plugin-ionic-webview/CDVWKWebViewUIDelegate.h"; sourceTree = "<group>"; };
		1D3623240D0F684500981E51 /* AppDelegate.h */ = {isa = PBXFileReference; fileEncoding = 4; lastKnownFileType = sourcecode.c.h; path = AppDelegate.h; sourceTree = "<group>"; };
		1D3623250D0F684500981E51 /* AppDelegate.m */ = {isa = PBXFileReference; fileEncoding = 4; lastKnownFileType = sourcecode.c.objc; path = AppDelegate.m; sourceTree = "<group>"; };
		1D6058910D05DD3D006BFB54 /* SMO.app */ = {isa = PBXFileReference; explicitFileType = wrapper.application; includeInIndex = 0; path = SMO.app; sourceTree = BUILT_PRODUCTS_DIR; };
		1DBB0128147347C7A07B9B80 /* ThumbsMainToolbar.h */ = {isa = PBXFileReference; explicitFileType = undefined; fileEncoding = 4; includeInIndex = 0; lastKnownFileType = sourcecode.c.h; name = ThumbsMainToolbar.h; path = "cordova-plugin-document-viewer/ThumbsMainToolbar.h"; sourceTree = "<group>"; };
		1E35833426C54511A82090F3 /* ReaderViewController.h */ = {isa = PBXFileReference; explicitFileType = undefined; fileEncoding = 4; includeInIndex = 0; lastKnownFileType = sourcecode.c.h; name = ReaderViewController.h; path = "cordova-plugin-document-viewer/ReaderViewController.h"; sourceTree = "<group>"; };
		1E9CB82C8BBD4DC5A7C547D6 /* CDVWKInAppBrowserUIDelegate.m */ = {isa = PBXFileReference; explicitFileType = undefined; fileEncoding = 4; includeInIndex = 0; lastKnownFileType = sourcecode.c.objc; name = CDVWKInAppBrowserUIDelegate.m; path = "cordova-plugin-inappbrowser/CDVWKInAppBrowserUIDelegate.m"; sourceTree = "<group>"; };
		1F4013D5897D4DA7BF00EB14 /* NativeStorage.h */ = {isa = PBXFileReference; explicitFileType = undefined; fileEncoding = 4; includeInIndex = 0; lastKnownFileType = sourcecode.c.h; name = NativeStorage.h; path = "cordova-plugin-nativestorage/NativeStorage.h"; sourceTree = "<group>"; };
		1FCFD001EC57419EA91A7AFB /* ReaderThumbsView.h */ = {isa = PBXFileReference; explicitFileType = undefined; fileEncoding = 4; includeInIndex = 0; lastKnownFileType = sourcecode.c.h; name = ReaderThumbsView.h; path = "cordova-plugin-document-viewer/ReaderThumbsView.h"; sourceTree = "<group>"; };
		22AB1BD15A744683B24A777E /* CGPDFDocument.h */ = {isa = PBXFileReference; explicitFileType = undefined; fileEncoding = 4; includeInIndex = 0; lastKnownFileType = sourcecode.c.h; name = CGPDFDocument.h; path = "cordova-plugin-document-viewer/CGPDFDocument.h"; sourceTree = "<group>"; };
		258DF079CAA34D32B39C969C /* ReaderContentView.m */ = {isa = PBXFileReference; explicitFileType = undefined; fileEncoding = 4; includeInIndex = 0; lastKnownFileType = sourcecode.c.objc; name = ReaderContentView.m; path = "cordova-plugin-document-viewer/ReaderContentView.m"; sourceTree = "<group>"; };
		27447645BD614163B8D58243 /* ThumbsViewController+SDVThumbsViewControllerPassThrough.m */ = {isa = PBXFileReference; explicitFileType = undefined; fileEncoding = 4; includeInIndex = 0; lastKnownFileType = sourcecode.c.objc; name = "ThumbsViewController+SDVThumbsViewControllerPassThrough.m"; path = "cordova-plugin-document-viewer/ThumbsViewController+SDVThumbsViewControllerPassThrough.m"; sourceTree = "<group>"; };
		28E5D9FEC61D434FB220E606 /* SDVReader-SinglePage@2x.png */ = {isa = PBXFileReference; explicitFileType = undefined; fileEncoding = 9; includeInIndex = 0; lastKnownFileType = unknown; path = "SDVReader-SinglePage@2x.png"; sourceTree = "<group>"; };
		29B97316FDCFA39411CA2CEA /* main.m */ = {isa = PBXFileReference; fileEncoding = 4; lastKnownFileType = sourcecode.c.objc; path = main.m; sourceTree = "<group>"; };
		2B9D06DE65DB4CE09B3A0433 /* CDVDevice.h */ = {isa = PBXFileReference; explicitFileType = undefined; fileEncoding = 4; includeInIndex = 0; lastKnownFileType = sourcecode.c.h; name = CDVDevice.h; path = "cordova-plugin-device/CDVDevice.h"; sourceTree = "<group>"; };
		2CDE3F3BF0F242CFBE95E8B6 /* ReaderThumbQueue.m */ = {isa = PBXFileReference; explicitFileType = undefined; fileEncoding = 4; includeInIndex = 0; lastKnownFileType = sourcecode.c.objc; name = ReaderThumbQueue.m; path = "cordova-plugin-document-viewer/ReaderThumbQueue.m"; sourceTree = "<group>"; };
		2D64FE21140E466CBECE321F /* CDVIonicKeyboard.m */ = {isa = PBXFileReference; explicitFileType = undefined; fileEncoding = 4; includeInIndex = 0; lastKnownFileType = sourcecode.c.objc; name = CDVIonicKeyboard.m; path = "cordova-plugin-ionic-keyboard/CDVIonicKeyboard.m"; sourceTree = "<group>"; };
		301BF52D109A57CC0062928A /* CordovaLib.xcodeproj */ = {isa = PBXFileReference; lastKnownFileType = "wrapper.pb-project"; name = CordovaLib.xcodeproj; path = CordovaLib/CordovaLib.xcodeproj; sourceTree = "<group>"; };
		301BF56E109A69640062928A /* www */ = {isa = PBXFileReference; lastKnownFileType = folder; path = www; sourceTree = SOURCE_ROOT; };
		302D95EE14D2391D003F00A1 /* MainViewController.h */ = {isa = PBXFileReference; fileEncoding = 4; lastKnownFileType = sourcecode.c.h; path = MainViewController.h; sourceTree = "<group>"; };
		302D95EF14D2391D003F00A1 /* MainViewController.m */ = {isa = PBXFileReference; fileEncoding = 4; lastKnownFileType = sourcecode.c.objc; path = MainViewController.m; sourceTree = "<group>"; };
		302D95F014D2391D003F00A1 /* MainViewController.xib */ = {isa = PBXFileReference; fileEncoding = 4; lastKnownFileType = file.xib; path = MainViewController.xib; sourceTree = "<group>"; };
		3047A50F1AB8059700498E2A /* build-debug.xcconfig */ = {isa = PBXFileReference; fileEncoding = 4; lastKnownFileType = text.xcconfig; name = "build-debug.xcconfig"; path = "cordova/build-debug.xcconfig"; sourceTree = SOURCE_ROOT; };
		3047A5101AB8059700498E2A /* build-release.xcconfig */ = {isa = PBXFileReference; fileEncoding = 4; lastKnownFileType = text.xcconfig; name = "build-release.xcconfig"; path = "cordova/build-release.xcconfig"; sourceTree = SOURCE_ROOT; };
		3047A5111AB8059700498E2A /* build.xcconfig */ = {isa = PBXFileReference; fileEncoding = 4; lastKnownFileType = text.xcconfig; name = build.xcconfig; path = cordova/build.xcconfig; sourceTree = SOURCE_ROOT; };
		32BE15CBB4A2443BAAFB9BCE /* CDVAssetLibraryFilesystem.h */ = {isa = PBXFileReference; explicitFileType = undefined; fileEncoding = 4; includeInIndex = 0; lastKnownFileType = sourcecode.c.h; name = CDVAssetLibraryFilesystem.h; path = "cordova-plugin-file/CDVAssetLibraryFilesystem.h"; sourceTree = "<group>"; };
		32CA4F630368D1EE00C91783 /* SMO-Prefix.pch */ = {isa = PBXFileReference; fileEncoding = 4; lastKnownFileType = sourcecode.c.h; path = "SMO-Prefix.pch"; sourceTree = "<group>"; };
		3475927B4CF84F8CA20DE920 /* CDVConnection.h */ = {isa = PBXFileReference; explicitFileType = undefined; fileEncoding = 4; includeInIndex = 0; lastKnownFileType = sourcecode.c.h; name = CDVConnection.h; path = "cordova-plugin-network-information/CDVConnection.h"; sourceTree = "<group>"; };
		35555B114E87422A938ACBC2 /* ReaderThumbView.m */ = {isa = PBXFileReference; explicitFileType = undefined; fileEncoding = 4; includeInIndex = 0; lastKnownFileType = sourcecode.c.objc; name = ReaderThumbView.m; path = "cordova-plugin-document-viewer/ReaderThumbView.m"; sourceTree = "<group>"; };
		3581D005191C493C8517E985 /* CDVWKProcessPoolFactory.h */ = {isa = PBXFileReference; explicitFileType = undefined; fileEncoding = 4; includeInIndex = 0; lastKnownFileType = sourcecode.c.h; name = CDVWKProcessPoolFactory.h; path = "cordova-plugin-ionic-webview/CDVWKProcessPoolFactory.h"; sourceTree = "<group>"; };
		387E7E2798224F51BD49DA51 /* CDVWKWebViewEngine.h */ = {isa = PBXFileReference; explicitFileType = undefined; fileEncoding = 4; includeInIndex = 0; lastKnownFileType = sourcecode.c.h; name = CDVWKWebViewEngine.h; path = "cordova-plugin-ionic-webview/CDVWKWebViewEngine.h"; sourceTree = "<group>"; };
		3DD704ECCDEB43E08DABEDC9 /* ReaderConstants.h */ = {isa = PBXFileReference; explicitFileType = undefined; fileEncoding = 4; includeInIndex = 0; lastKnownFileType = sourcecode.c.h; name = ReaderConstants.h; path = "cordova-plugin-document-viewer/ReaderConstants.h"; sourceTree = "<group>"; };
		3EBEF8A141D74C2585A16A9C /* ReaderThumbRequest.m */ = {isa = PBXFileReference; explicitFileType = undefined; fileEncoding = 4; includeInIndex = 0; lastKnownFileType = sourcecode.c.objc; name = ReaderThumbRequest.m; path = "cordova-plugin-document-viewer/ReaderThumbRequest.m"; sourceTree = "<group>"; };
		424DB463411540DF835B7CED /* ReaderThumbRender.m */ = {isa = PBXFileReference; explicitFileType = undefined; fileEncoding = 4; includeInIndex = 0; lastKnownFileType = sourcecode.c.objc; name = ReaderThumbRender.m; path = "cordova-plugin-document-viewer/ReaderThumbRender.m"; sourceTree = "<group>"; };
		462D2B741C0D4C03BBB891AC /* ReaderContentPage.h */ = {isa = PBXFileReference; explicitFileType = undefined; fileEncoding = 4; includeInIndex = 0; lastKnownFileType = sourcecode.c.h; name = ReaderContentPage.h; path = "cordova-plugin-document-viewer/ReaderContentPage.h"; sourceTree = "<group>"; };
		47590234C1484E97AAD5FCDF /* Reader-Button-N@2x.png */ = {isa = PBXFileReference; explicitFileType = undefined; fileEncoding = 9; includeInIndex = 0; lastKnownFileType = unknown; path = "Reader-Button-N@2x.png"; sourceTree = "<group>"; };
		488F4D305E344596A8423EF1 /* Reader-Print@2x.png */ = {isa = PBXFileReference; explicitFileType = undefined; fileEncoding = 9; includeInIndex = 0; lastKnownFileType = unknown; path = "Reader-Print@2x.png"; sourceTree = "<group>"; };
		48CB1CD8CC97443ABBDC5E0C /* CDVLocalFilesystem.m */ = {isa = PBXFileReference; explicitFileType = undefined; fileEncoding = 4; includeInIndex = 0; lastKnownFileType = sourcecode.c.objc; name = CDVLocalFilesystem.m; path = "cordova-plugin-file/CDVLocalFilesystem.m"; sourceTree = "<group>"; };
		49FE2231D59B4E74ACB0BEDD /* Reader-Export.png */ = {isa = PBXFileReference; explicitFileType = undefined; fileEncoding = 9; includeInIndex = 0; lastKnownFileType = unknown; path = "Reader-Export.png"; sourceTree = "<group>"; };
		4B34E1A9DB394BA5BAA61406 /* ThumbsViewController.h */ = {isa = PBXFileReference; explicitFileType = undefined; fileEncoding = 4; includeInIndex = 0; lastKnownFileType = sourcecode.c.h; name = ThumbsViewController.h; path = "cordova-plugin-document-viewer/ThumbsViewController.h"; sourceTree = "<group>"; };
		4C9505A7DBF7477894F0FE27 /* CDVInAppBrowserOptions.m */ = {isa = PBXFileReference; explicitFileType = undefined; fileEncoding = 4; includeInIndex = 0; lastKnownFileType = sourcecode.c.objc; name = CDVInAppBrowserOptions.m; path = "cordova-plugin-inappbrowser/CDVInAppBrowserOptions.m"; sourceTree = "<group>"; };
		503C3049495248D4A8295A1E /* SystemConfiguration.framework */ = {isa = PBXFileReference; explicitFileType = undefined; fileEncoding = 9; includeInIndex = 0; lastKnownFileType = wrapper.framework; name = SystemConfiguration.framework; path = System/Library/Frameworks/SystemConfiguration.framework; sourceTree = SDKROOT; };
		5040F6BE3855419FBCB3D615 /* ReaderMainPagebar.m */ = {isa = PBXFileReference; explicitFileType = undefined; fileEncoding = 4; includeInIndex = 0; lastKnownFileType = sourcecode.c.objc; name = ReaderMainPagebar.m; path = "cordova-plugin-document-viewer/ReaderMainPagebar.m"; sourceTree = "<group>"; };
		53BA7F7BBBC0423F8133EB2F /* ReaderThumbView.h */ = {isa = PBXFileReference; explicitFileType = undefined; fileEncoding = 4; includeInIndex = 0; lastKnownFileType = sourcecode.c.h; name = ReaderThumbView.h; path = "cordova-plugin-document-viewer/ReaderThumbView.h"; sourceTree = "<group>"; };
		544F978DB6D5491498E15AB7 /* CDVWKInAppBrowser.m */ = {isa = PBXFileReference; explicitFileType = undefined; fileEncoding = 4; includeInIndex = 0; lastKnownFileType = sourcecode.c.objc; name = CDVWKInAppBrowser.m; path = "cordova-plugin-inappbrowser/CDVWKInAppBrowser.m"; sourceTree = "<group>"; };
		55490834960048C3AE118115 /* CDVInAppBrowserOptions.h */ = {isa = PBXFileReference; explicitFileType = undefined; fileEncoding = 4; includeInIndex = 0; lastKnownFileType = sourcecode.c.h; name = CDVInAppBrowserOptions.h; path = "cordova-plugin-inappbrowser/CDVInAppBrowserOptions.h"; sourceTree = "<group>"; };
		5716DD01472646B686C7F489 /* Reader-Email@2x.png */ = {isa = PBXFileReference; explicitFileType = undefined; fileEncoding = 9; includeInIndex = 0; lastKnownFileType = unknown; path = "Reader-Email@2x.png"; sourceTree = "<group>"; };
		591A7444648B469AB67499E8 /* CDVInAppBrowserNavigationController.h */ = {isa = PBXFileReference; explicitFileType = undefined; fileEncoding = 4; includeInIndex = 0; lastKnownFileType = sourcecode.c.h; name = CDVInAppBrowserNavigationController.h; path = "cordova-plugin-inappbrowser/CDVInAppBrowserNavigationController.h"; sourceTree = "<group>"; };
		5B699B8D30494EFBAFDCC195 /* ThumbsViewController.m */ = {isa = PBXFileReference; explicitFileType = undefined; fileEncoding = 4; includeInIndex = 0; lastKnownFileType = sourcecode.c.objc; name = ThumbsViewController.m; path = "cordova-plugin-document-viewer/ThumbsViewController.m"; sourceTree = "<group>"; };
		5D27B2B423D14261B6965993 /* CDVWKProcessPoolFactory.m */ = {isa = PBXFileReference; explicitFileType = undefined; fileEncoding = 4; includeInIndex = 0; lastKnownFileType = sourcecode.c.objc; name = CDVWKProcessPoolFactory.m; path = "cordova-plugin-ionic-webview/CDVWKProcessPoolFactory.m"; sourceTree = "<group>"; };
		60772D0A0A03435EB024DF65 /* SDVReaderMainPagebar.m */ = {isa = PBXFileReference; explicitFileType = undefined; fileEncoding = 4; includeInIndex = 0; lastKnownFileType = sourcecode.c.objc; name = SDVReaderMainPagebar.m; path = "cordova-plugin-document-viewer/SDVReaderMainPagebar.m"; sourceTree = "<group>"; };
		65800DDE0A4F4537BBBBBF99 /* SDVThumbsMainToolbar.m */ = {isa = PBXFileReference; explicitFileType = undefined; fileEncoding = 4; includeInIndex = 0; lastKnownFileType = sourcecode.c.objc; name = SDVThumbsMainToolbar.m; path = "cordova-plugin-document-viewer/SDVThumbsMainToolbar.m"; sourceTree = "<group>"; };
		65CAF3CDF95E40E3A7476F75 /* Reader-Thumbs@2x.png */ = {isa = PBXFileReference; explicitFileType = undefined; fileEncoding = 9; includeInIndex = 0; lastKnownFileType = unknown; path = "Reader-Thumbs@2x.png"; sourceTree = "<group>"; };
		65DB93034341418DBDA70D2A /* SDVThumbsViewController.m */ = {isa = PBXFileReference; explicitFileType = undefined; fileEncoding = 4; includeInIndex = 0; lastKnownFileType = sourcecode.c.objc; name = SDVThumbsViewController.m; path = "cordova-plugin-document-viewer/SDVThumbsViewController.m"; sourceTree = "<group>"; };
		6AFF5BF81D6E424B00AB3073 /* CDVLaunchScreen.storyboard */ = {isa = PBXFileReference; fileEncoding = 4; lastKnownFileType = file.storyboard; name = CDVLaunchScreen.storyboard; path = SMO/CDVLaunchScreen.storyboard; sourceTree = SOURCE_ROOT; };
		6BC74768079C46EF9AFBCFAC /* ReaderThumbRender.h */ = {isa = PBXFileReference; explicitFileType = undefined; fileEncoding = 4; includeInIndex = 0; lastKnownFileType = sourcecode.c.h; name = ReaderThumbRender.h; path = "cordova-plugin-document-viewer/ReaderThumbRender.h"; sourceTree = "<group>"; };
		6C6796EE01B440A3BE8C2F10 /* SDVReaderViewController.m */ = {isa = PBXFileReference; explicitFileType = undefined; fileEncoding = 4; includeInIndex = 0; lastKnownFileType = sourcecode.c.objc; name = SDVReaderViewController.m; path = "cordova-plugin-document-viewer/SDVReaderViewController.m"; sourceTree = "<group>"; };
		6E28151DEEEC4CA2AB162D89 /* SDVReaderMainPagebar.h */ = {isa = PBXFileReference; explicitFileType = undefined; fileEncoding = 4; includeInIndex = 0; lastKnownFileType = sourcecode.c.h; name = SDVReaderMainPagebar.h; path = "cordova-plugin-document-viewer/SDVReaderMainPagebar.h"; sourceTree = "<group>"; };
		6E63DA7F413140488BD532BB /* CDVViewController+SplashScreen.m */ = {isa = PBXFileReference; explicitFileType = undefined; fileEncoding = 4; includeInIndex = 0; lastKnownFileType = sourcecode.c.objc; name = "CDVViewController+SplashScreen.m"; path = "cordova-plugin-splashscreen/CDVViewController+SplashScreen.m"; sourceTree = "<group>"; };
		6E66129E7F704AFA9866212C /* CGPDFDocument.m */ = {isa = PBXFileReference; explicitFileType = undefined; fileEncoding = 4; includeInIndex = 0; lastKnownFileType = sourcecode.c.objc; name = CGPDFDocument.m; path = "cordova-plugin-document-viewer/CGPDFDocument.m"; sourceTree = "<group>"; };
		70D9EDD22547427C8883AB1B /* ReaderDocument.m */ = {isa = PBXFileReference; explicitFileType = undefined; fileEncoding = 4; includeInIndex = 0; lastKnownFileType = sourcecode.c.objc; name = ReaderDocument.m; path = "cordova-plugin-document-viewer/ReaderDocument.m"; sourceTree = "<group>"; };
		720762C2A9EE403CBF110E42 /* ReaderMainToolbar+SDVReaderMainToolbarPassThrough.h */ = {isa = PBXFileReference; explicitFileType = undefined; fileEncoding = 4; includeInIndex = 0; lastKnownFileType = sourcecode.c.h; name = "ReaderMainToolbar+SDVReaderMainToolbarPassThrough.h"; path = "cordova-plugin-document-viewer/ReaderMainToolbar+SDVReaderMainToolbarPassThrough.h"; sourceTree = "<group>"; };
		72D7539F5E8745D09B50A9FB /* SitewaertsDocumentViewer.m */ = {isa = PBXFileReference; explicitFileType = undefined; fileEncoding = 4; includeInIndex = 0; lastKnownFileType = sourcecode.c.objc; name = SitewaertsDocumentViewer.m; path = "cordova-plugin-document-viewer/SitewaertsDocumentViewer.m"; sourceTree = "<group>"; };
		76F09454E09740E596A3878D /* ReaderThumbCache.m */ = {isa = PBXFileReference; explicitFileType = undefined; fileEncoding = 4; includeInIndex = 0; lastKnownFileType = sourcecode.c.objc; name = ReaderThumbCache.m; path = "cordova-plugin-document-viewer/ReaderThumbCache.m"; sourceTree = "<group>"; };
		7879E8D3724C4DCF93D87061 /* SDVThumbsViewController.h */ = {isa = PBXFileReference; explicitFileType = undefined; fileEncoding = 4; includeInIndex = 0; lastKnownFileType = sourcecode.c.h; name = SDVThumbsViewController.h; path = "cordova-plugin-document-viewer/SDVThumbsViewController.h"; sourceTree = "<group>"; };
		799159D4A0C34C33B356FA60 /* Reader-Mark-N.png */ = {isa = PBXFileReference; explicitFileType = undefined; fileEncoding = 9; includeInIndex = 0; lastKnownFileType = unknown; path = "Reader-Mark-N.png"; sourceTree = "<group>"; };
		7BC490AB96D54C188CF37374 /* CDVReachability.m */ = {isa = PBXFileReference; explicitFileType = undefined; fileEncoding = 4; includeInIndex = 0; lastKnownFileType = sourcecode.c.objc; name = CDVReachability.m; path = "cordova-plugin-network-information/CDVReachability.m"; sourceTree = "<group>"; };
		7BF19DA660554E50A71A0D1F /* ReaderThumbFetch.m */ = {isa = PBXFileReference; explicitFileType = undefined; fileEncoding = 4; includeInIndex = 0; lastKnownFileType = sourcecode.c.objc; name = ReaderThumbFetch.m; path = "cordova-plugin-document-viewer/ReaderThumbFetch.m"; sourceTree = "<group>"; };
		7E51DA980F6F45D78CE290D3 /* ThumbsMainToolbar+SDVThumbsMainToolbarPassThrough.m */ = {isa = PBXFileReference; explicitFileType = undefined; fileEncoding = 4; includeInIndex = 0; lastKnownFileType = sourcecode.c.objc; name = "ThumbsMainToolbar+SDVThumbsMainToolbarPassThrough.m"; path = "cordova-plugin-document-viewer/ThumbsMainToolbar+SDVThumbsMainToolbarPassThrough.m"; sourceTree = "<group>"; };
		816F9F729BF62D66E932688C /* Pods-SMO.release.xcconfig */ = {isa = PBXFileReference; includeInIndex = 1; lastKnownFileType = text.xcconfig; name = "Pods-SMO.release.xcconfig"; path = "Target Support Files/Pods-SMO/Pods-SMO.release.xcconfig"; sourceTree = "<group>"; };
		84187483CD80FFABADBC2141 /* Pods-SMO.debug.xcconfig */ = {isa = PBXFileReference; includeInIndex = 1; lastKnownFileType = text.xcconfig; name = "Pods-SMO.debug.xcconfig"; path = "Target Support Files/Pods-SMO/Pods-SMO.debug.xcconfig"; sourceTree = "<group>"; };
		86EEA6C434E84A279B460F59 /* CDVReachability.h */ = {isa = PBXFileReference; explicitFileType = undefined; fileEncoding = 4; includeInIndex = 0; lastKnownFileType = sourcecode.c.h; name = CDVReachability.h; path = "cordova-plugin-network-information/CDVReachability.h"; sourceTree = "<group>"; };
		870184088C77426381A23FA4 /* Reader-Button-N.png */ = {isa = PBXFileReference; explicitFileType = undefined; fileEncoding = 9; includeInIndex = 0; lastKnownFileType = unknown; path = "Reader-Button-N.png"; sourceTree = "<group>"; };
		89597C2DE697472CAD2772CD /* sqlite3.h */ = {isa = PBXFileReference; explicitFileType = undefined; fileEncoding = 4; includeInIndex = 0; lastKnownFileType = sourcecode.c.h; name = sqlite3.h; path = "cordova-sqlite-storage/sqlite3.h"; sourceTree = "<group>"; };
		899C602340AA47D092E818C0 /* CDVStatusBar.h */ = {isa = PBXFileReference; explicitFileType = undefined; fileEncoding = 4; includeInIndex = 0; lastKnownFileType = sourcecode.c.h; name = CDVStatusBar.h; path = "cordova-plugin-statusbar/CDVStatusBar.h"; sourceTree = "<group>"; };
		8AA0A37F742248788DD50618 /* PhotoViewer.m */ = {isa = PBXFileReference; explicitFileType = undefined; fileEncoding = 4; includeInIndex = 0; lastKnownFileType = sourcecode.c.objc; name = PhotoViewer.m; path = "com-sarriaroman-photoviewer/PhotoViewer.m"; sourceTree = "<group>"; };
		8ACB845AD88840C3B0632531 /* OneSignalPush.h */ = {isa = PBXFileReference; explicitFileType = undefined; fileEncoding = 4; includeInIndex = 0; lastKnownFileType = sourcecode.c.h; name = OneSignalPush.h; path = "onesignal-cordova-plugin/OneSignalPush.h"; sourceTree = "<group>"; };
		8AD3FF15D7C44434AD5985DD /* ReaderThumbCache.h */ = {isa = PBXFileReference; explicitFileType = undefined; fileEncoding = 4; includeInIndex = 0; lastKnownFileType = sourcecode.c.h; name = ReaderThumbCache.h; path = "cordova-plugin-document-viewer/ReaderThumbCache.h"; sourceTree = "<group>"; };
		8C58E7D9AA9843D6AB8FB528 /* SDVReader-CoverPage.png */ = {isa = PBXFileReference; explicitFileType = undefined; fileEncoding = 9; includeInIndex = 0; lastKnownFileType = unknown; path = "SDVReader-CoverPage.png"; sourceTree = "<group>"; };
		8C6B1763BE1F4E47A1FE7D37 /* Reader-Button-H.png */ = {isa = PBXFileReference; explicitFileType = undefined; fileEncoding = 9; includeInIndex = 0; lastKnownFileType = unknown; path = "Reader-Button-H.png"; sourceTree = "<group>"; };
		8CE3F09F0B5841028350946B /* UIXToolbarView.h */ = {isa = PBXFileReference; explicitFileType = undefined; fileEncoding = 4; includeInIndex = 0; lastKnownFileType = sourcecode.c.h; name = UIXToolbarView.h; path = "cordova-plugin-document-viewer/UIXToolbarView.h"; sourceTree = "<group>"; };
		8D1107310486CEB800E47090 /* SMO-Info.plist */ = {isa = PBXFileReference; fileEncoding = 4; lastKnownFileType = text.plist.xml; name = "SMO-Info.plist"; path = "SMO/SMO-Info.plist"; plistStructureDefinitionIdentifier = "com.apple.xcode.plist.structure-definition.iphone.info-plist"; sourceTree = SOURCE_ROOT; };
		8D4C2DDAA5F84FD4851F46F1 /* Reader-Export@2x.png */ = {isa = PBXFileReference; explicitFileType = undefined; fileEncoding = 9; includeInIndex = 0; lastKnownFileType = unknown; path = "Reader-Export@2x.png"; sourceTree = "<group>"; };
		8D7754F8E73549F7BF5201EC /* Reader-Mark-N@2x.png */ = {isa = PBXFileReference; explicitFileType = undefined; fileEncoding = 9; includeInIndex = 0; lastKnownFileType = unknown; path = "Reader-Mark-N@2x.png"; sourceTree = "<group>"; };
		8E4F2010C23747DBB8D21CC3 /* SDVReaderViewController.h */ = {isa = PBXFileReference; explicitFileType = undefined; fileEncoding = 4; includeInIndex = 0; lastKnownFileType = sourcecode.c.h; name = SDVReaderViewController.h; path = "cordova-plugin-document-viewer/SDVReaderViewController.h"; sourceTree = "<group>"; };
		8FDD58204AA04217B779A63E /* PSPDFThreadSafeMutableDictionary.m */ = {isa = PBXFileReference; explicitFileType = undefined; fileEncoding = 4; includeInIndex = 0; lastKnownFileType = sourcecode.c.objc; name = PSPDFThreadSafeMutableDictionary.m; path = "cordova-sqlite-storage/PSPDFThreadSafeMutableDictionary.m"; sourceTree = "<group>"; };
		9009ABA378BB49DA88C7D97C /* SDVReaderContentViewDoublePage.m */ = {isa = PBXFileReference; explicitFileType = undefined; fileEncoding = 4; includeInIndex = 0; lastKnownFileType = sourcecode.c.objc; name = SDVReaderContentViewDoublePage.m; path = "cordova-plugin-document-viewer/SDVReaderContentViewDoublePage.m"; sourceTree = "<group>"; };
		903FAF44A1B54A7C91B61671 /* ReaderMainToolbar.h */ = {isa = PBXFileReference; explicitFileType = undefined; fileEncoding = 4; includeInIndex = 0; lastKnownFileType = sourcecode.c.h; name = ReaderMainToolbar.h; path = "cordova-plugin-document-viewer/ReaderMainToolbar.h"; sourceTree = "<group>"; };
		92A9089CC3A54FFABCA05632 /* ReaderViewController+SDVReaderViewControllerPassThrough.m */ = {isa = PBXFileReference; explicitFileType = undefined; fileEncoding = 4; includeInIndex = 0; lastKnownFileType = sourcecode.c.objc; name = "ReaderViewController+SDVReaderViewControllerPassThrough.m"; path = "cordova-plugin-document-viewer/ReaderViewController+SDVReaderViewControllerPassThrough.m"; sourceTree = "<group>"; };
		9B0F3C75466E4BEEBB33602E /* ReaderContentPage.m */ = {isa = PBXFileReference; explicitFileType = undefined; fileEncoding = 4; includeInIndex = 0; lastKnownFileType = sourcecode.c.objc; name = ReaderContentPage.m; path = "cordova-plugin-document-viewer/ReaderContentPage.m"; sourceTree = "<group>"; };
		9BD41BE841764F3686D0CFB6 /* ThumbsViewController+SDVThumbsViewControllerPassThrough.h */ = {isa = PBXFileReference; explicitFileType = undefined; fileEncoding = 4; includeInIndex = 0; lastKnownFileType = sourcecode.c.h; name = "ThumbsViewController+SDVThumbsViewControllerPassThrough.h"; path = "cordova-plugin-document-viewer/ThumbsViewController+SDVThumbsViewControllerPassThrough.h"; sourceTree = "<group>"; };
		9CBE63A4736347549A6076A5 /* Default-568h@2x.png */ = {isa = PBXFileReference; explicitFileType = undefined; fileEncoding = 9; includeInIndex = 0; lastKnownFileType = unknown; path = "Default-568h@2x.png"; sourceTree = "<group>"; };
		A0050BD11C964471B91421DD /* ReaderViewController.m */ = {isa = PBXFileReference; explicitFileType = undefined; fileEncoding = 4; includeInIndex = 0; lastKnownFileType = sourcecode.c.objc; name = ReaderViewController.m; path = "cordova-plugin-document-viewer/ReaderViewController.m"; sourceTree = "<group>"; };
		A70DB2C3DFF94BD892796502 /* ThumbsMainToolbar+SDVThumbsMainToolbarPassThrough.h */ = {isa = PBXFileReference; explicitFileType = undefined; fileEncoding = 4; includeInIndex = 0; lastKnownFileType = sourcecode.c.h; name = "ThumbsMainToolbar+SDVThumbsMainToolbarPassThrough.h"; path = "cordova-plugin-document-viewer/ThumbsMainToolbar+SDVThumbsMainToolbarPassThrough.h"; sourceTree = "<group>"; };
		AA5BBA3A20AB48EBA8C54CB0 /* FileOpener2.m */ = {isa = PBXFileReference; explicitFileType = undefined; fileEncoding = 4; includeInIndex = 0; lastKnownFileType = sourcecode.c.objc; name = FileOpener2.m; path = "cordova-plugin-file-opener2/FileOpener2.m"; sourceTree = "<group>"; };
		ABCD12C2B4504DBF8589DBD1 /* sqlite3.c */ = {isa = PBXFileReference; explicitFileType = undefined; fileEncoding = 9; includeInIndex = 0; lastKnownFileType = unknown; name = sqlite3.c; path = "cordova-sqlite-storage/sqlite3.c"; sourceTree = "<group>"; };
		AE26E180F8764C1BB04828AF /* Reader-Thumbs.png */ = {isa = PBXFileReference; explicitFileType = undefined; fileEncoding = 9; includeInIndex = 0; lastKnownFileType = unknown; path = "Reader-Thumbs.png"; sourceTree = "<group>"; };
		B2C6955D393C4117A408B9A7 /* ReaderThumbRequest.h */ = {isa = PBXFileReference; explicitFileType = undefined; fileEncoding = 4; includeInIndex = 0; lastKnownFileType = sourcecode.c.h; name = ReaderThumbRequest.h; path = "cordova-plugin-document-viewer/ReaderThumbRequest.h"; sourceTree = "<group>"; };
		B30AE6ED6FCE4C1E92CC2A16 /* Foundation.framework */ = {isa = PBXFileReference; explicitFileType = undefined; fileEncoding = 9; includeInIndex = 0; lastKnownFileType = wrapper.framework; name = Foundation.framework; path = System/Library/Frameworks/Foundation.framework; sourceTree = SDKROOT; };
		B42608A393214033A3080A8E /* SDVThumbsMainToolbar.h */ = {isa = PBXFileReference; explicitFileType = undefined; fileEncoding = 4; includeInIndex = 0; lastKnownFileType = sourcecode.c.h; name = SDVThumbsMainToolbar.h; path = "cordova-plugin-document-viewer/SDVThumbsMainToolbar.h"; sourceTree = "<group>"; };
		B42F53CC262E4DCBA2C4154D /* PSPDFThreadSafeMutableDictionary.h */ = {isa = PBXFileReference; explicitFileType = undefined; fileEncoding = 4; includeInIndex = 0; lastKnownFileType = sourcecode.c.h; name = PSPDFThreadSafeMutableDictionary.h; path = "cordova-sqlite-storage/PSPDFThreadSafeMutableDictionary.h"; sourceTree = "<group>"; };
		BA9221ACE6A94D8BA8B73371 /* Reader-Print.png */ = {isa = PBXFileReference; explicitFileType = undefined; fileEncoding = 9; includeInIndex = 0; lastKnownFileType = unknown; path = "Reader-Print.png"; sourceTree = "<group>"; };
		BC71E44CBDDCCFBB4EFDE523 /* libPods-SMO.a */ = {isa = PBXFileReference; explicitFileType = archive.ar; includeInIndex = 0; path = "libPods-SMO.a"; sourceTree = BUILT_PRODUCTS_DIR; };
		BCD4F0F1C53442E18AB84D45 /* SDVReader-Outline@2x.png */ = {isa = PBXFileReference; explicitFileType = undefined; fileEncoding = 9; includeInIndex = 0; lastKnownFileType = unknown; path = "SDVReader-Outline@2x.png"; sourceTree = "<group>"; };
		BE50B7E7539247A0A0FED67B /* UIXToolbarView.m */ = {isa = PBXFileReference; explicitFileType = undefined; fileEncoding = 4; includeInIndex = 0; lastKnownFileType = sourcecode.c.objc; name = UIXToolbarView.m; path = "cordova-plugin-document-viewer/UIXToolbarView.m"; sourceTree = "<group>"; };
		C1F5C8251AE54901B9BB3D2F /* SDVReader-DoublePage@2x.png */ = {isa = PBXFileReference; explicitFileType = undefined; fileEncoding = 9; includeInIndex = 0; lastKnownFileType = unknown; path = "SDVReader-DoublePage@2x.png"; sourceTree = "<group>"; };
		C6B594BB42914000B1B1FEF8 /* SQLitePlugin.m */ = {isa = PBXFileReference; explicitFileType = undefined; fileEncoding = 4; includeInIndex = 0; lastKnownFileType = sourcecode.c.objc; name = SQLitePlugin.m; path = "cordova-sqlite-storage/SQLitePlugin.m"; sourceTree = "<group>"; };
		C9EEDBD3AF4E46C2BB2A1A26 /* MessageUI.framework */ = {isa = PBXFileReference; explicitFileType = undefined; fileEncoding = 9; includeInIndex = 0; lastKnownFileType = wrapper.framework; name = MessageUI.framework; path = System/Library/Frameworks/MessageUI.framework; sourceTree = SDKROOT; };
		CBC5996C87E1475C8EE93E5B /* Reader-Mark-Y@2x.png */ = {isa = PBXFileReference; explicitFileType = undefined; fileEncoding = 9; includeInIndex = 0; lastKnownFileType = unknown; path = "Reader-Mark-Y@2x.png"; sourceTree = "<group>"; };
		CDD101CFCFBE4928A142681A /* CDVLocalFilesystem.h */ = {isa = PBXFileReference; explicitFileType = undefined; fileEncoding = 4; includeInIndex = 0; lastKnownFileType = sourcecode.c.h; name = CDVLocalFilesystem.h; path = "cordova-plugin-file/CDVLocalFilesystem.h"; sourceTree = "<group>"; };
		CF48909B103C4AE79FB0BB91 /* ReaderThumbQueue.h */ = {isa = PBXFileReference; explicitFileType = undefined; fileEncoding = 4; includeInIndex = 0; lastKnownFileType = sourcecode.c.h; name = ReaderThumbQueue.h; path = "cordova-plugin-document-viewer/ReaderThumbQueue.h"; sourceTree = "<group>"; };
		D125FE763EF447EFBFCCECBD /* ReaderThumbsView.m */ = {isa = PBXFileReference; explicitFileType = undefined; fileEncoding = 4; includeInIndex = 0; lastKnownFileType = sourcecode.c.objc; name = ReaderThumbsView.m; path = "cordova-plugin-document-viewer/ReaderThumbsView.m"; sourceTree = "<group>"; };
		D453E4D242F14A8B9E5DAE28 /* IONAssetHandler.m */ = {isa = PBXFileReference; explicitFileType = undefined; fileEncoding = 4; includeInIndex = 0; lastKnownFileType = sourcecode.c.objc; name = IONAssetHandler.m; path = "cordova-plugin-ionic-webview/IONAssetHandler.m"; sourceTree = "<group>"; };
		D500F42E6D1344DCA83EEE30 /* CDVViewController+SplashScreen.h */ = {isa = PBXFileReference; explicitFileType = undefined; fileEncoding = 4; includeInIndex = 0; lastKnownFileType = sourcecode.c.h; name = "CDVViewController+SplashScreen.h"; path = "cordova-plugin-splashscreen/CDVViewController+SplashScreen.h"; sourceTree = "<group>"; };
		D79CFAF0BD0B402FAC4F0FC1 /* SDVReaderMainToolbar.h */ = {isa = PBXFileReference; explicitFileType = undefined; fileEncoding = 4; includeInIndex = 0; lastKnownFileType = sourcecode.c.h; name = SDVReaderMainToolbar.h; path = "cordova-plugin-document-viewer/SDVReaderMainToolbar.h"; sourceTree = "<group>"; };
		D92A1BA1E4804AA8B1F06D46 /* IONAssetHandler.h */ = {isa = PBXFileReference; explicitFileType = undefined; fileEncoding = 4; includeInIndex = 0; lastKnownFileType = sourcecode.c.h; name = IONAssetHandler.h; path = "cordova-plugin-ionic-webview/IONAssetHandler.h"; sourceTree = "<group>"; };
		D994EB83FD234596811E2CE5 /* SDVReaderContentViewDoublePage.h */ = {isa = PBXFileReference; explicitFileType = undefined; fileEncoding = 4; includeInIndex = 0; lastKnownFileType = sourcecode.c.h; name = SDVReaderContentViewDoublePage.h; path = "cordova-plugin-document-viewer/SDVReaderContentViewDoublePage.h"; sourceTree = "<group>"; };
		DABEDEE7E5EE4AC188A791A2 /* SitewaertsDocumentViewer.h */ = {isa = PBXFileReference; explicitFileType = undefined; fileEncoding = 4; includeInIndex = 0; lastKnownFileType = sourcecode.c.h; name = SitewaertsDocumentViewer.h; path = "cordova-plugin-document-viewer/SitewaertsDocumentViewer.h"; sourceTree = "<group>"; };
		DDD73578B9654ADD96164A56 /* CDVIonicKeyboard.h */ = {isa = PBXFileReference; explicitFileType = undefined; fileEncoding = 4; includeInIndex = 0; lastKnownFileType = sourcecode.c.h; name = CDVIonicKeyboard.h; path = "cordova-plugin-ionic-keyboard/CDVIonicKeyboard.h"; sourceTree = "<group>"; };
		E04081193F6A4DB8B67C4A65 /* ReaderDocumentOutline.m */ = {isa = PBXFileReference; explicitFileType = undefined; fileEncoding = 4; includeInIndex = 0; lastKnownFileType = sourcecode.c.objc; name = ReaderDocumentOutline.m; path = "cordova-plugin-document-viewer/ReaderDocumentOutline.m"; sourceTree = "<group>"; };
		E1A266315FE84627BFED99D4 /* CDVFile.h */ = {isa = PBXFileReference; explicitFileType = undefined; fileEncoding = 4; includeInIndex = 0; lastKnownFileType = sourcecode.c.h; name = CDVFile.h; path = "cordova-plugin-file/CDVFile.h"; sourceTree = "<group>"; };
		E30B81B8CB2F455FA305E66F /* ReaderMainToolbar.m */ = {isa = PBXFileReference; explicitFileType = undefined; fileEncoding = 4; includeInIndex = 0; lastKnownFileType = sourcecode.c.objc; name = ReaderMainToolbar.m; path = "cordova-plugin-document-viewer/ReaderMainToolbar.m"; sourceTree = "<group>"; };
		E51DB682FEA24328BD746C79 /* QuartzCore.framework */ = {isa = PBXFileReference; explicitFileType = undefined; fileEncoding = 9; includeInIndex = 0; lastKnownFileType = wrapper.framework; name = QuartzCore.framework; path = System/Library/Frameworks/QuartzCore.framework; sourceTree = SDKROOT; };
		E7732F539D9249F6973461A8 /* OneSignalPush.m */ = {isa = PBXFileReference; explicitFileType = undefined; fileEncoding = 4; includeInIndex = 0; lastKnownFileType = sourcecode.c.objc; name = OneSignalPush.m; path = "onesignal-cordova-plugin/OneSignalPush.m"; sourceTree = "<group>"; };
		E7895A48EAE34697AEEF216B /* ReaderConstants.m */ = {isa = PBXFileReference; explicitFileType = undefined; fileEncoding = 4; includeInIndex = 0; lastKnownFileType = sourcecode.c.objc; name = ReaderConstants.m; path = "cordova-plugin-document-viewer/ReaderConstants.m"; sourceTree = "<group>"; };
		E81DC3585ABA4F3BB24F08D8 /* SDVReader-Outline.png */ = {isa = PBXFileReference; explicitFileType = undefined; fileEncoding = 9; includeInIndex = 0; lastKnownFileType = unknown; path = "SDVReader-Outline.png"; sourceTree = "<group>"; };
		EB87FDF31871DA8E0020F90C /* www */ = {isa = PBXFileReference; lastKnownFileType = folder; name = www; path = ../../www; sourceTree = "<group>"; };
		EB87FDF41871DAF40020F90C /* config.xml */ = {isa = PBXFileReference; lastKnownFileType = text.xml; name = config.xml; path = ../../config.xml; sourceTree = "<group>"; };
		EBC271B62B4B4A1EB240C2EC /* ReaderContentTile.h */ = {isa = PBXFileReference; explicitFileType = undefined; fileEncoding = 4; includeInIndex = 0; lastKnownFileType = sourcecode.c.h; name = ReaderContentTile.h; path = "cordova-plugin-document-viewer/ReaderContentTile.h"; sourceTree = "<group>"; };
		ED33DF2A687741AEAF9F8254 /* Bridging-Header.h */ = {isa = PBXFileReference; fileEncoding = 4; lastKnownFileType = sourcecode.c.h; path = "Bridging-Header.h"; sourceTree = "<group>"; };
		EE8006359A634BDDABAF9807 /* ReaderMainToolbar+SDVReaderMainToolbarPassThrough.m */ = {isa = PBXFileReference; explicitFileType = undefined; fileEncoding = 4; includeInIndex = 0; lastKnownFileType = sourcecode.c.objc; name = "ReaderMainToolbar+SDVReaderMainToolbarPassThrough.m"; path = "cordova-plugin-document-viewer/ReaderMainToolbar+SDVReaderMainToolbarPassThrough.m"; sourceTree = "<group>"; };
		EFE5B2ACA663483D802C12D2 /* CDVWKWebViewUIDelegate.m */ = {isa = PBXFileReference; explicitFileType = undefined; fileEncoding = 4; includeInIndex = 0; lastKnownFileType = sourcecode.c.objc; name = CDVWKWebViewUIDelegate.m; path = "cordova-plugin-ionic-webview/CDVWKWebViewUIDelegate.m"; sourceTree = "<group>"; };
		F3ECEBF51529496CBD016751 /* Reader-Mark-Y.png */ = {isa = PBXFileReference; explicitFileType = undefined; fileEncoding = 9; includeInIndex = 0; lastKnownFileType = unknown; path = "Reader-Mark-Y.png"; sourceTree = "<group>"; };
		F4169F4BB8BD45F0BCC976A1 /* ReaderViewController+SDVReaderViewControllerPassThrough.h */ = {isa = PBXFileReference; explicitFileType = undefined; fileEncoding = 4; includeInIndex = 0; lastKnownFileType = sourcecode.c.h; name = "ReaderViewController+SDVReaderViewControllerPassThrough.h"; path = "cordova-plugin-document-viewer/ReaderViewController+SDVReaderViewControllerPassThrough.h"; sourceTree = "<group>"; };
		F48BB96C66A94260BBA3DFBD /* CDVInAppBrowserNavigationController.m */ = {isa = PBXFileReference; explicitFileType = undefined; fileEncoding = 4; includeInIndex = 0; lastKnownFileType = sourcecode.c.objc; name = CDVInAppBrowserNavigationController.m; path = "cordova-plugin-inappbrowser/CDVInAppBrowserNavigationController.m"; sourceTree = "<group>"; };
		F48C134428B148EFA05069CE /* SQLitePlugin.h */ = {isa = PBXFileReference; explicitFileType = undefined; fileEncoding = 4; includeInIndex = 0; lastKnownFileType = sourcecode.c.h; name = SQLitePlugin.h; path = "cordova-sqlite-storage/SQLitePlugin.h"; sourceTree = "<group>"; };
		F6DBE5F4C0BC4E14A60ED802 /* CDVWKInAppBrowser.h */ = {isa = PBXFileReference; explicitFileType = undefined; fileEncoding = 4; includeInIndex = 0; lastKnownFileType = sourcecode.c.h; name = CDVWKInAppBrowser.h; path = "cordova-plugin-inappbrowser/CDVWKInAppBrowser.h"; sourceTree = "<group>"; };
		F762AB7AD1324869AB521E4F /* SDVReader-CoverPage@2x.png */ = {isa = PBXFileReference; explicitFileType = undefined; fileEncoding = 9; includeInIndex = 0; lastKnownFileType = unknown; path = "SDVReader-CoverPage@2x.png"; sourceTree = "<group>"; };
		F80D1207C27445BD885E4CCA /* CDVStatusBar.m */ = {isa = PBXFileReference; explicitFileType = undefined; fileEncoding = 4; includeInIndex = 0; lastKnownFileType = sourcecode.c.objc; name = CDVStatusBar.m; path = "cordova-plugin-statusbar/CDVStatusBar.m"; sourceTree = "<group>"; };
		F840E1F0165FE0F500CFE078 /* config.xml */ = {isa = PBXFileReference; lastKnownFileType = text.xml; name = config.xml; path = SMO/config.xml; sourceTree = "<group>"; };
		F92358DA85BC4EAAADF86B42 /* ReaderContentView.h */ = {isa = PBXFileReference; explicitFileType = undefined; fileEncoding = 4; includeInIndex = 0; lastKnownFileType = sourcecode.c.h; name = ReaderContentView.h; path = "cordova-plugin-document-viewer/ReaderContentView.h"; sourceTree = "<group>"; };
		FAF8775C8F934EE996A607A1 /* SDVReaderMainToolbar.m */ = {isa = PBXFileReference; explicitFileType = undefined; fileEncoding = 4; includeInIndex = 0; lastKnownFileType = sourcecode.c.objc; name = SDVReaderMainToolbar.m; path = "cordova-plugin-document-viewer/SDVReaderMainToolbar.m"; sourceTree = "<group>"; };
		FC4C0D779E8B49DA97FC5FDE /* Reader-Button-H@2x.png */ = {isa = PBXFileReference; explicitFileType = undefined; fileEncoding = 9; includeInIndex = 0; lastKnownFileType = unknown; path = "Reader-Button-H@2x.png"; sourceTree = "<group>"; };
		FC6A463FC4AF4A059BAA1FFE /* CDVDevice.m */ = {isa = PBXFileReference; explicitFileType = undefined; fileEncoding = 4; includeInIndex = 0; lastKnownFileType = sourcecode.c.objc; name = CDVDevice.m; path = "cordova-plugin-device/CDVDevice.m"; sourceTree = "<group>"; };
		FE191EBFA18A4113B35AAF1C /* SDVReader-DoublePage.png */ = {isa = PBXFileReference; explicitFileType = undefined; fileEncoding = 9; includeInIndex = 0; lastKnownFileType = unknown; path = "SDVReader-DoublePage.png"; sourceTree = "<group>"; };
/* End PBXFileReference section */

/* Begin PBXFrameworksBuildPhase section */
		1D60588F0D05DD3D006BFB54 /* Frameworks */ = {
			isa = PBXFrameworksBuildPhase;
			buildActionMask = 2147483647;
			files = (
				301BF552109A68D80062928A /* libCordova.a in Frameworks */,
				E9CFB475596F4D06AF756442 /* UIKit.framework in Frameworks */,
				EC1B0D85596E44DEBD5D46CC /* Foundation.framework in Frameworks */,
				A2E7BA3B02724B5D87520BD5 /* QuartzCore.framework in Frameworks */,
				8DF5884F44B4447DA6AD736C /* ImageIO.framework in Frameworks */,
				25FD1A501F114AF7A8CA4E75 /* MessageUI.framework in Frameworks */,
				5B5FFDDD8DDB41F3AA2BC645 /* WebKit.framework in Frameworks */,
				76430473661E4B5CA13896BF /* SystemConfiguration.framework in Frameworks */,
				25F28BE999B14D57B07ACD94 /* CoreTelephony.framework in Frameworks */,
				CC5FECDF54E1BFDAB7E1FBB8 /* libPods-SMO.a in Frameworks */,
			);
			runOnlyForDeploymentPostprocessing = 0;
		};
/* End PBXFrameworksBuildPhase section */

/* Begin PBXGroup section */
		080E96DDFE201D6D7F000001 /* Classes */ = {
			isa = PBXGroup;
			children = (
				302D95EE14D2391D003F00A1 /* MainViewController.h */,
				302D95EF14D2391D003F00A1 /* MainViewController.m */,
				302D95F014D2391D003F00A1 /* MainViewController.xib */,
				1D3623240D0F684500981E51 /* AppDelegate.h */,
				1D3623250D0F684500981E51 /* AppDelegate.m */,
			);
			name = Classes;
			path = SMO/Classes;
			sourceTree = SOURCE_ROOT;
		};
		19C28FACFE9D520D11CA2CBB /* Products */ = {
			isa = PBXGroup;
			children = (
				1D6058910D05DD3D006BFB54 /* SMO.app */,
			);
			name = Products;
			sourceTree = "<group>";
		};
		29B97314FDCFA39411CA2CEA /* CustomTemplate */ = {
			isa = PBXGroup;
			children = (
				EB87FDF41871DAF40020F90C /* config.xml */,
				EB87FDF31871DA8E0020F90C /* www */,
				EB87FDF11871DA420020F90C /* Staging */,
				301BF52D109A57CC0062928A /* CordovaLib.xcodeproj */,
				080E96DDFE201D6D7F000001 /* Classes */,
				307C750510C5A3420062BCA9 /* Plugins */,
				29B97315FDCFA39411CA2CEA /* Other Sources */,
				29B97317FDCFA39411CA2CEA /* Resources */,
				29B97323FDCFA39411CA2CEA /* Frameworks */,
				19C28FACFE9D520D11CA2CBB /* Products */,
				54BCB24B88576A99480174C3 /* Pods */,
			);
			name = CustomTemplate;
			sourceTree = "<group>";
		};
		29B97315FDCFA39411CA2CEA /* Other Sources */ = {
			isa = PBXGroup;
			children = (
				32CA4F630368D1EE00C91783 /* SMO-Prefix.pch */,
				29B97316FDCFA39411CA2CEA /* main.m */,
				ED33DF2A687741AEAF9F8254 /* Bridging-Header.h */,
			);
			name = "Other Sources";
			path = SMO;
			sourceTree = "<group>";
		};
		29B97317FDCFA39411CA2CEA /* Resources */ = {
			isa = PBXGroup;
			children = (
				0207DA571B56EA530066E2B4 /* Images.xcassets */,
				3047A50E1AB8057F00498E2A /* config */,
				8D1107310486CEB800E47090 /* SMO-Info.plist */,
				6AFF5BF81D6E424B00AB3073 /* CDVLaunchScreen.storyboard */,
				9CBE63A4736347549A6076A5 /* Default-568h@2x.png */,
				8C6B1763BE1F4E47A1FE7D37 /* Reader-Button-H.png */,
				FC4C0D779E8B49DA97FC5FDE /* Reader-Button-H@2x.png */,
				870184088C77426381A23FA4 /* Reader-Button-N.png */,
				47590234C1484E97AAD5FCDF /* Reader-Button-N@2x.png */,
				10F4E3AE3F7942FCB033A4D6 /* Reader-Email.png */,
				5716DD01472646B686C7F489 /* Reader-Email@2x.png */,
				49FE2231D59B4E74ACB0BEDD /* Reader-Export.png */,
				8D4C2DDAA5F84FD4851F46F1 /* Reader-Export@2x.png */,
				799159D4A0C34C33B356FA60 /* Reader-Mark-N.png */,
				8D7754F8E73549F7BF5201EC /* Reader-Mark-N@2x.png */,
				F3ECEBF51529496CBD016751 /* Reader-Mark-Y.png */,
				CBC5996C87E1475C8EE93E5B /* Reader-Mark-Y@2x.png */,
				BA9221ACE6A94D8BA8B73371 /* Reader-Print.png */,
				488F4D305E344596A8423EF1 /* Reader-Print@2x.png */,
				AE26E180F8764C1BB04828AF /* Reader-Thumbs.png */,
				65CAF3CDF95E40E3A7476F75 /* Reader-Thumbs@2x.png */,
				8C58E7D9AA9843D6AB8FB528 /* SDVReader-CoverPage.png */,
				F762AB7AD1324869AB521E4F /* SDVReader-CoverPage@2x.png */,
				FE191EBFA18A4113B35AAF1C /* SDVReader-DoublePage.png */,
				C1F5C8251AE54901B9BB3D2F /* SDVReader-DoublePage@2x.png */,
				E81DC3585ABA4F3BB24F08D8 /* SDVReader-Outline.png */,
				BCD4F0F1C53442E18AB84D45 /* SDVReader-Outline@2x.png */,
				1197F766860248CB8CDB2A57 /* SDVReader-SinglePage.png */,
				28E5D9FEC61D434FB220E606 /* SDVReader-SinglePage@2x.png */,
			);
			name = Resources;
			path = SMO/Resources;
			sourceTree = "<group>";
		};
		29B97323FDCFA39411CA2CEA /* Frameworks */ = {
			isa = PBXGroup;
			children = (
				1810A3CBA75246D78A50F439 /* UIKit.framework */,
				B30AE6ED6FCE4C1E92CC2A16 /* Foundation.framework */,
				E51DB682FEA24328BD746C79 /* QuartzCore.framework */,
				0617F460187D4A5FAD4600B1 /* ImageIO.framework */,
				C9EEDBD3AF4E46C2BB2A1A26 /* MessageUI.framework */,
				10A53DBCF4314EB6B19FEBC6 /* WebKit.framework */,
				503C3049495248D4A8295A1E /* SystemConfiguration.framework */,
				049D2677E5B6462A957583C9 /* CoreTelephony.framework */,
				BC71E44CBDDCCFBB4EFDE523 /* libPods-SMO.a */,
			);
			name = Frameworks;
			sourceTree = "<group>";
		};
		301BF52E109A57CC0062928A /* Products */ = {
			isa = PBXGroup;
			children = (
				301BF535109A57CC0062928A /* libCordova.a */,
				907D8124214C687600058A10 /* Cordova.framework */,
			);
			name = Products;
			sourceTree = "<group>";
		};
		3047A50E1AB8057F00498E2A /* config */ = {
			isa = PBXGroup;
			children = (
				3047A50F1AB8059700498E2A /* build-debug.xcconfig */,
				3047A5101AB8059700498E2A /* build-release.xcconfig */,
				3047A5111AB8059700498E2A /* build.xcconfig */,
			);
			name = config;
			sourceTree = "<group>";
		};
		307C750510C5A3420062BCA9 /* Plugins */ = {
			isa = PBXGroup;
			children = (
				8AA0A37F742248788DD50618 /* PhotoViewer.m */,
				FC6A463FC4AF4A059BAA1FFE /* CDVDevice.m */,
				2B9D06DE65DB4CE09B3A0433 /* CDVDevice.h */,
				72D7539F5E8745D09B50A9FB /* SitewaertsDocumentViewer.m */,
				6E66129E7F704AFA9866212C /* CGPDFDocument.m */,
				E7895A48EAE34697AEEF216B /* ReaderConstants.m */,
				9B0F3C75466E4BEEBB33602E /* ReaderContentPage.m */,
				0DF44418D264422F95685CF7 /* ReaderContentTile.m */,
				258DF079CAA34D32B39C969C /* ReaderContentView.m */,
				70D9EDD22547427C8883AB1B /* ReaderDocument.m */,
				E04081193F6A4DB8B67C4A65 /* ReaderDocumentOutline.m */,
				5040F6BE3855419FBCB3D615 /* ReaderMainPagebar.m */,
				E30B81B8CB2F455FA305E66F /* ReaderMainToolbar.m */,
				EE8006359A634BDDABAF9807 /* ReaderMainToolbar+SDVReaderMainToolbarPassThrough.m */,
				76F09454E09740E596A3878D /* ReaderThumbCache.m */,
				7BF19DA660554E50A71A0D1F /* ReaderThumbFetch.m */,
				2CDE3F3BF0F242CFBE95E8B6 /* ReaderThumbQueue.m */,
				424DB463411540DF835B7CED /* ReaderThumbRender.m */,
				3EBEF8A141D74C2585A16A9C /* ReaderThumbRequest.m */,
				D125FE763EF447EFBFCCECBD /* ReaderThumbsView.m */,
				35555B114E87422A938ACBC2 /* ReaderThumbView.m */,
				A0050BD11C964471B91421DD /* ReaderViewController.m */,
				92A9089CC3A54FFABCA05632 /* ReaderViewController+SDVReaderViewControllerPassThrough.m */,
				9009ABA378BB49DA88C7D97C /* SDVReaderContentViewDoublePage.m */,
				60772D0A0A03435EB024DF65 /* SDVReaderMainPagebar.m */,
				FAF8775C8F934EE996A607A1 /* SDVReaderMainToolbar.m */,
				6C6796EE01B440A3BE8C2F10 /* SDVReaderViewController.m */,
				65800DDE0A4F4537BBBBBF99 /* SDVThumbsMainToolbar.m */,
				65DB93034341418DBDA70D2A /* SDVThumbsViewController.m */,
				182550EFFE574B8399E10B87 /* ThumbsMainToolbar.m */,
				7E51DA980F6F45D78CE290D3 /* ThumbsMainToolbar+SDVThumbsMainToolbarPassThrough.m */,
				5B699B8D30494EFBAFDCC195 /* ThumbsViewController.m */,
				27447645BD614163B8D58243 /* ThumbsViewController+SDVThumbsViewControllerPassThrough.m */,
				BE50B7E7539247A0A0FED67B /* UIXToolbarView.m */,
				DABEDEE7E5EE4AC188A791A2 /* SitewaertsDocumentViewer.h */,
				22AB1BD15A744683B24A777E /* CGPDFDocument.h */,
				3DD704ECCDEB43E08DABEDC9 /* ReaderConstants.h */,
				462D2B741C0D4C03BBB891AC /* ReaderContentPage.h */,
				EBC271B62B4B4A1EB240C2EC /* ReaderContentTile.h */,
				F92358DA85BC4EAAADF86B42 /* ReaderContentView.h */,
				0CCD282F5B024462B14C59CF /* ReaderDocument.h */,
				092A9886E75E46EEA9E4A122 /* ReaderDocumentOutline.h */,
				190D926AACE24AEFB537BAA0 /* ReaderMainPagebar.h */,
				903FAF44A1B54A7C91B61671 /* ReaderMainToolbar.h */,
				720762C2A9EE403CBF110E42 /* ReaderMainToolbar+SDVReaderMainToolbarPassThrough.h */,
				8AD3FF15D7C44434AD5985DD /* ReaderThumbCache.h */,
				1C1A50A25D474832AEA2B62F /* ReaderThumbFetch.h */,
				CF48909B103C4AE79FB0BB91 /* ReaderThumbQueue.h */,
				6BC74768079C46EF9AFBCFAC /* ReaderThumbRender.h */,
				B2C6955D393C4117A408B9A7 /* ReaderThumbRequest.h */,
				1FCFD001EC57419EA91A7AFB /* ReaderThumbsView.h */,
				53BA7F7BBBC0423F8133EB2F /* ReaderThumbView.h */,
				1E35833426C54511A82090F3 /* ReaderViewController.h */,
				F4169F4BB8BD45F0BCC976A1 /* ReaderViewController+SDVReaderViewControllerPassThrough.h */,
				D994EB83FD234596811E2CE5 /* SDVReaderContentViewDoublePage.h */,
				6E28151DEEEC4CA2AB162D89 /* SDVReaderMainPagebar.h */,
				D79CFAF0BD0B402FAC4F0FC1 /* SDVReaderMainToolbar.h */,
				8E4F2010C23747DBB8D21CC3 /* SDVReaderViewController.h */,
				B42608A393214033A3080A8E /* SDVThumbsMainToolbar.h */,
				7879E8D3724C4DCF93D87061 /* SDVThumbsViewController.h */,
				1DBB0128147347C7A07B9B80 /* ThumbsMainToolbar.h */,
				A70DB2C3DFF94BD892796502 /* ThumbsMainToolbar+SDVThumbsMainToolbarPassThrough.h */,
				4B34E1A9DB394BA5BAA61406 /* ThumbsViewController.h */,
				9BD41BE841764F3686D0CFB6 /* ThumbsViewController+SDVThumbsViewControllerPassThrough.h */,
				8CE3F09F0B5841028350946B /* UIXToolbarView.h */,
				11723859B1684132A097BC36 /* CDVFile.m */,
				48CB1CD8CC97443ABBDC5E0C /* CDVLocalFilesystem.m */,
				0D4DE87609914AABA269B012 /* CDVAssetLibraryFilesystem.m */,
				E1A266315FE84627BFED99D4 /* CDVFile.h */,
				CDD101CFCFBE4928A142681A /* CDVLocalFilesystem.h */,
				32BE15CBB4A2443BAAFB9BCE /* CDVAssetLibraryFilesystem.h */,
				AA5BBA3A20AB48EBA8C54CB0 /* FileOpener2.m */,
				00E93C4CDCE9413C9D571462 /* FileOpener2.h */,
				4C9505A7DBF7477894F0FE27 /* CDVInAppBrowserOptions.m */,
				F48BB96C66A94260BBA3DFBD /* CDVInAppBrowserNavigationController.m */,
				544F978DB6D5491498E15AB7 /* CDVWKInAppBrowser.m */,
				1E9CB82C8BBD4DC5A7C547D6 /* CDVWKInAppBrowserUIDelegate.m */,
				55490834960048C3AE118115 /* CDVInAppBrowserOptions.h */,
				591A7444648B469AB67499E8 /* CDVInAppBrowserNavigationController.h */,
				F6DBE5F4C0BC4E14A60ED802 /* CDVWKInAppBrowser.h */,
				14C547F3C3A946DA9DBE1AF3 /* CDVWKInAppBrowserUIDelegate.h */,
				2D64FE21140E466CBECE321F /* CDVIonicKeyboard.m */,
				DDD73578B9654ADD96164A56 /* CDVIonicKeyboard.h */,
				11489C4626E44A82BAF5A58D /* CDVWKWebViewEngine.m */,
				EFE5B2ACA663483D802C12D2 /* CDVWKWebViewUIDelegate.m */,
				5D27B2B423D14261B6965993 /* CDVWKProcessPoolFactory.m */,
				D453E4D242F14A8B9E5DAE28 /* IONAssetHandler.m */,
				387E7E2798224F51BD49DA51 /* CDVWKWebViewEngine.h */,
				1C1CD51EA51646FA92226FA0 /* CDVWKWebViewUIDelegate.h */,
				3581D005191C493C8517E985 /* CDVWKProcessPoolFactory.h */,
				D92A1BA1E4804AA8B1F06D46 /* IONAssetHandler.h */,
				0443DA00A5E14D6588A23347 /* NativeStorage.m */,
				1F4013D5897D4DA7BF00EB14 /* NativeStorage.h */,
				0844303D43A44EEEA8B21214 /* CDVConnection.m */,
				7BC490AB96D54C188CF37374 /* CDVReachability.m */,
				3475927B4CF84F8CA20DE920 /* CDVConnection.h */,
				86EEA6C434E84A279B460F59 /* CDVReachability.h */,
				0DE09D86640E4016834F8E32 /* CDVSplashScreen.m */,
				6E63DA7F413140488BD532BB /* CDVViewController+SplashScreen.m */,
				1AE4D060F2FF455EB25B3204 /* CDVSplashScreen.h */,
				D500F42E6D1344DCA83EEE30 /* CDVViewController+SplashScreen.h */,
				F80D1207C27445BD885E4CCA /* CDVStatusBar.m */,
				899C602340AA47D092E818C0 /* CDVStatusBar.h */,
				C6B594BB42914000B1B1FEF8 /* SQLitePlugin.m */,
				8FDD58204AA04217B779A63E /* PSPDFThreadSafeMutableDictionary.m */,
				ABCD12C2B4504DBF8589DBD1 /* sqlite3.c */,
				F48C134428B148EFA05069CE /* SQLitePlugin.h */,
				B42F53CC262E4DCBA2C4154D /* PSPDFThreadSafeMutableDictionary.h */,
				89597C2DE697472CAD2772CD /* sqlite3.h */,
				E7732F539D9249F6973461A8 /* OneSignalPush.m */,
				8ACB845AD88840C3B0632531 /* OneSignalPush.h */,
			);
			name = Plugins;
			path = SMO/Plugins;
			sourceTree = SOURCE_ROOT;
		};
		54BCB24B88576A99480174C3 /* Pods */ = {
			isa = PBXGroup;
			children = (
				84187483CD80FFABADBC2141 /* Pods-SMO.debug.xcconfig */,
				816F9F729BF62D66E932688C /* Pods-SMO.release.xcconfig */,
			);
			path = Pods;
			sourceTree = "<group>";
		};
		EB87FDF11871DA420020F90C /* Staging */ = {
			isa = PBXGroup;
			children = (
				F840E1F0165FE0F500CFE078 /* config.xml */,
				301BF56E109A69640062928A /* www */,
			);
			name = Staging;
			sourceTree = "<group>";
		};
/* End PBXGroup section */

/* Begin PBXNativeTarget section */
		1D6058900D05DD3D006BFB54 /* SMO */ = {
			isa = PBXNativeTarget;
			buildConfigurationList = 1D6058960D05DD3E006BFB54 /* Build configuration list for PBXNativeTarget "SMO" */;
			buildPhases = (
				241E0F1777201A0D0A93B13B /* [CP] Check Pods Manifest.lock */,
				304B58A110DAC018002A0835 /* Copy www directory */,
				1D60588D0D05DD3D006BFB54 /* Resources */,
				1D60588E0D05DD3D006BFB54 /* Sources */,
				1D60588F0D05DD3D006BFB54 /* Frameworks */,
			);
			buildRules = (
			);
			dependencies = (
				301BF551109A68C00062928A /* PBXTargetDependency */,
			);
			name = SMO;
			productName = SMO;
			productReference = 1D6058910D05DD3D006BFB54 /* SMO.app */;
			productType = "com.apple.product-type.application";
		};
/* End PBXNativeTarget section */

/* Begin PBXProject section */
		29B97313FDCFA39411CA2CEA /* Project object */ = {
			isa = PBXProject;
			attributes = {
				LastUpgradeCheck = 1130;
			};
			buildConfigurationList = C01FCF4E08A954540054247B /* Build configuration list for PBXProject "SMO" */;
			compatibilityVersion = "Xcode 11.0";
			developmentRegion = en;
			hasScannedForEncodings = 1;
			knownRegions = (
				en,
				Base,
			);
			mainGroup = 29B97314FDCFA39411CA2CEA /* CustomTemplate */;
			productRefGroup = 19C28FACFE9D520D11CA2CBB /* Products */;
			projectDirPath = "";
			projectReferences = (
				{
					ProductGroup = 301BF52E109A57CC0062928A /* Products */;
					ProjectRef = 301BF52D109A57CC0062928A /* CordovaLib.xcodeproj */;
				},
			);
			projectRoot = "";
			targets = (
				1D6058900D05DD3D006BFB54 /* SMO */,
			);
		};
/* End PBXProject section */

/* Begin PBXReferenceProxy section */
		301BF535109A57CC0062928A /* libCordova.a */ = {
			isa = PBXReferenceProxy;
			fileType = archive.ar;
			path = libCordova.a;
			remoteRef = 301BF534109A57CC0062928A /* PBXContainerItemProxy */;
			sourceTree = BUILT_PRODUCTS_DIR;
		};
		907D8124214C687600058A10 /* Cordova.framework */ = {
			isa = PBXReferenceProxy;
			fileType = wrapper.framework;
			path = Cordova.framework;
			remoteRef = 907D8123214C687600058A10 /* PBXContainerItemProxy */;
			sourceTree = BUILT_PRODUCTS_DIR;
		};
/* End PBXReferenceProxy section */

/* Begin PBXResourcesBuildPhase section */
		1D60588D0D05DD3D006BFB54 /* Resources */ = {
			isa = PBXResourcesBuildPhase;
			buildActionMask = 2147483647;
			files = (
				302D95F214D2391D003F00A1 /* MainViewController.xib in Resources */,
				0207DA581B56EA530066E2B4 /* Images.xcassets in Resources */,
				6AFF5BF91D6E424B00AB3073 /* CDVLaunchScreen.storyboard in Resources */,
				E3ECCA5698384355A6A371F1 /* Default-568h@2x.png in Resources */,
				CB10AAA743824165AAAEAAF1 /* Reader-Button-H.png in Resources */,
				90339E8DEDC2477295970453 /* Reader-Button-H@2x.png in Resources */,
				F2969BB1EBFA41E7B282CF58 /* Reader-Button-N.png in Resources */,
				FBAFBD5083E74D8CB1351407 /* Reader-Button-N@2x.png in Resources */,
				96A6F65300B74A0EB48E47DF /* Reader-Email.png in Resources */,
				78E8CE78F9DA4BA0ACFB4F12 /* Reader-Email@2x.png in Resources */,
				86BAD946991F41868FA85937 /* Reader-Export.png in Resources */,
				CED80082774F4A8ABAC2124A /* Reader-Export@2x.png in Resources */,
				09453CE690AA430F95949C5A /* Reader-Mark-N.png in Resources */,
				745B6B07DD4F41C5B70F41D4 /* Reader-Mark-N@2x.png in Resources */,
				93333ECA1F7349149B7EE1C2 /* Reader-Mark-Y.png in Resources */,
				A253700F0EE8476A9426E641 /* Reader-Mark-Y@2x.png in Resources */,
				3F50BE881B5C4DDEB990F278 /* Reader-Print.png in Resources */,
				6701278DEAD74BB297005840 /* Reader-Print@2x.png in Resources */,
				7E1A912D130C49DDBB489D33 /* Reader-Thumbs.png in Resources */,
				B4352E72CF684861B3FD9C1C /* Reader-Thumbs@2x.png in Resources */,
				89A76F29A54241F8BD57597C /* SDVReader-CoverPage.png in Resources */,
				4A6B8D869DE441018E7F57B2 /* SDVReader-CoverPage@2x.png in Resources */,
				DFB1DA7B93894B8384C260A1 /* SDVReader-DoublePage.png in Resources */,
				3532F1C425CD4C3990F991B4 /* SDVReader-DoublePage@2x.png in Resources */,
				C2220D0F2345404696600DCE /* SDVReader-Outline.png in Resources */,
				2F6244F96DD94B8181239F67 /* SDVReader-Outline@2x.png in Resources */,
				318468C05BB64C95B74B72E2 /* SDVReader-SinglePage.png in Resources */,
				FAD3A1AB41A848AAAC3889EA /* SDVReader-SinglePage@2x.png in Resources */,
			);
			runOnlyForDeploymentPostprocessing = 0;
		};
/* End PBXResourcesBuildPhase section */

/* Begin PBXShellScriptBuildPhase section */
		241E0F1777201A0D0A93B13B /* [CP] Check Pods Manifest.lock */ = {
			isa = PBXShellScriptBuildPhase;
			buildActionMask = 2147483647;
			files = (
			);
			inputFileListPaths = (
			);
			inputPaths = (
				"${PODS_PODFILE_DIR_PATH}/Podfile.lock",
				"${PODS_ROOT}/Manifest.lock",
			);
			name = "[CP] Check Pods Manifest.lock";
			outputFileListPaths = (
			);
			outputPaths = (
				"$(DERIVED_FILE_DIR)/Pods-SMO-checkManifestLockResult.txt",
			);
			runOnlyForDeploymentPostprocessing = 0;
			shellPath = /bin/sh;
			shellScript = "diff \"${PODS_PODFILE_DIR_PATH}/Podfile.lock\" \"${PODS_ROOT}/Manifest.lock\" > /dev/null\nif [ $? != 0 ] ; then\n    # print error to STDERR\n    echo \"error: The sandbox is not in sync with the Podfile.lock. Run 'pod install' or update your CocoaPods installation.\" >&2\n    exit 1\nfi\n# This output is used by Xcode 'outputs' to avoid re-running this script phase.\necho \"SUCCESS\" > \"${SCRIPT_OUTPUT_FILE_0}\"\n";
			showEnvVarsInLog = 0;
		};
		304B58A110DAC018002A0835 /* Copy www directory */ = {
			isa = PBXShellScriptBuildPhase;
			buildActionMask = 2147483647;
			files = (
			);
			inputPaths = (
			);
			name = "Copy www directory";
			outputPaths = (
			);
			runOnlyForDeploymentPostprocessing = 0;
			shellPath = /bin/sh;
			shellScript = "\"$SRCROOT/SMO/Scripts/copy-www-build-step.sh\"";
			showEnvVarsInLog = 0;
		};
/* End PBXShellScriptBuildPhase section */

/* Begin PBXSourcesBuildPhase section */
		1D60588E0D05DD3D006BFB54 /* Sources */ = {
			isa = PBXSourcesBuildPhase;
			buildActionMask = 2147483647;
			files = (
				1D60589B0D05DD56006BFB54 /* main.m in Sources */,
				1D3623260D0F684500981E51 /* AppDelegate.m in Sources */,
				302D95F114D2391D003F00A1 /* MainViewController.m in Sources */,
				37C52CADFE4C4A56BA7600A9 /* PhotoViewer.m in Sources */,
				D18D31A859444B5D92D1C5CF /* CDVDevice.m in Sources */,
				984C441CEB984ADA831E1C2B /* SitewaertsDocumentViewer.m in Sources */,
				409445636CE74656B4388A10 /* CGPDFDocument.m in Sources */,
				370F3AA600B74261AE44B513 /* ReaderConstants.m in Sources */,
				3FFF5BAD1FBE41E394B19927 /* ReaderContentPage.m in Sources */,
				FB9FDEB2E9144C9BB5F301A2 /* ReaderContentTile.m in Sources */,
				9E1330B76B8246768EF259BF /* ReaderContentView.m in Sources */,
				D903543B87A640ABB878D3F7 /* ReaderDocument.m in Sources */,
				BAEE079047B4449E90749DD4 /* ReaderDocumentOutline.m in Sources */,
				EA6682E3604C4EEDAFA23AA8 /* ReaderMainPagebar.m in Sources */,
				643ED09C6778425B9249D05D /* ReaderMainToolbar.m in Sources */,
				F000B29F46D144A39531D0EC /* ReaderMainToolbar+SDVReaderMainToolbarPassThrough.m in Sources */,
				6F13C6F0ECA3454EBCD5CC96 /* ReaderThumbCache.m in Sources */,
				3CD6A63ECC3A4F4085F7AC1A /* ReaderThumbFetch.m in Sources */,
				CE7E9BD469DE49D19D6AEA29 /* ReaderThumbQueue.m in Sources */,
				3702630FD8B24A64A820FCCE /* ReaderThumbRender.m in Sources */,
				885077160BFC4666930C7135 /* ReaderThumbRequest.m in Sources */,
				5135ABB72D9D4F5E9670A16D /* ReaderThumbsView.m in Sources */,
				824F5AF56CB6485F85992E25 /* ReaderThumbView.m in Sources */,
				7D14A1D654114D3BBFC67550 /* ReaderViewController.m in Sources */,
				3E27A72539C94FD1AD63F923 /* ReaderViewController+SDVReaderViewControllerPassThrough.m in Sources */,
				5A80E71F80294D7284A5B874 /* SDVReaderContentViewDoublePage.m in Sources */,
				43E9B38038054E72A9ECDCAF /* SDVReaderMainPagebar.m in Sources */,
				E1EED10C3AC244298F435F46 /* SDVReaderMainToolbar.m in Sources */,
				D11B7650C97342469619B2E7 /* SDVReaderViewController.m in Sources */,
				587D570F552040C3800FC27A /* SDVThumbsMainToolbar.m in Sources */,
				E48CCAB2ED15436DA104A574 /* SDVThumbsViewController.m in Sources */,
				AC36F159543D43B79E1F39AE /* ThumbsMainToolbar.m in Sources */,
				16F5021657B14F9DBFAA4829 /* ThumbsMainToolbar+SDVThumbsMainToolbarPassThrough.m in Sources */,
				D50C4174E381483F9297F7D9 /* ThumbsViewController.m in Sources */,
				5607BAF989044A9B995F6EB9 /* ThumbsViewController+SDVThumbsViewControllerPassThrough.m in Sources */,
				4D16707714374E15AFF06B22 /* UIXToolbarView.m in Sources */,
				2C5E3360B1D447349E12F83C /* CDVFile.m in Sources */,
				1FE975459017465894107E1D /* CDVLocalFilesystem.m in Sources */,
				2E14E4FD2B794AB3B6872301 /* CDVAssetLibraryFilesystem.m in Sources */,
				34EA190C1AAA49E79BA145D5 /* FileOpener2.m in Sources */,
				D870499700EC405897AEC781 /* CDVInAppBrowserOptions.m in Sources */,
				8B8CF6616FB4455A8F0A7E73 /* CDVInAppBrowserNavigationController.m in Sources */,
				465B4E1145004D86995BE09E /* CDVWKInAppBrowser.m in Sources */,
				353DF683EB6F4240ACAEE2E5 /* CDVWKInAppBrowserUIDelegate.m in Sources */,
				EDDD9C0F5B2B4A92857808E3 /* CDVIonicKeyboard.m in Sources */,
				E3C52CACFFD44D018EC359FC /* CDVWKWebViewEngine.m in Sources */,
				183775173A054FA2A08BD533 /* CDVWKWebViewUIDelegate.m in Sources */,
				043BE5E2B5C94D6EAD1ED131 /* CDVWKProcessPoolFactory.m in Sources */,
				EFA779AEAB0F454DAC98030F /* IONAssetHandler.m in Sources */,
				3AD2B3D4FAC944F4BE64D3B8 /* NativeStorage.m in Sources */,
				0D58B95C5B1C4E4B978C68A8 /* CDVConnection.m in Sources */,
				CE4AA9AFEC2E45A9AA94DAD2 /* CDVReachability.m in Sources */,
				8F5533CD480E42618169063E /* CDVSplashScreen.m in Sources */,
				89BDFCBBDFBD4107A9E5ECA1 /* CDVViewController+SplashScreen.m in Sources */,
				CB62249AC5DA4CDBB1AA6C97 /* CDVStatusBar.m in Sources */,
				7D34957AE51D45E998B48162 /* SQLitePlugin.m in Sources */,
				D95C516F62EF4728B9EFF23E /* PSPDFThreadSafeMutableDictionary.m in Sources */,
				5972AF53A4AD401F8B8C6947 /* sqlite3.c in Sources */,
				A605542989014D6B8F4CAFF0 /* OneSignalPush.m in Sources */,
			);
			runOnlyForDeploymentPostprocessing = 0;
		};
/* End PBXSourcesBuildPhase section */

/* Begin PBXTargetDependency section */
		301BF551109A68C00062928A /* PBXTargetDependency */ = {
			isa = PBXTargetDependency;
			name = CordovaLib;
			targetProxy = 301BF550109A68C00062928A /* PBXContainerItemProxy */;
		};
/* End PBXTargetDependency section */

/* Begin XCBuildConfiguration section */
		1D6058940D05DD3E006BFB54 /* Debug */ = {
			isa = XCBuildConfiguration;
			baseConfigurationReference = 3047A50F1AB8059700498E2A /* build-debug.xcconfig */;
			buildSettings = {
				ALWAYS_SEARCH_USER_PATHS = NO;
				ASSETCATALOG_COMPILER_APPICON_NAME = AppIcon;
				CLANG_ENABLE_MODULES = YES;
				CLANG_ENABLE_OBJC_ARC = YES;
				CODE_SIGN_IDENTITY = "Apple Development";
				CODE_SIGN_STYLE = Automatic;
				COPY_PHASE_STRIP = NO;
				DEVELOPMENT_TEAM = VF6838B5PA;
				GCC_DYNAMIC_NO_PIC = NO;
				GCC_OPTIMIZATION_LEVEL = 0;
				GCC_PRECOMPILE_PREFIX_HEADER = YES;
				GCC_PREFIX_HEADER = "SMO/SMO-Prefix.pch";
				GCC_THUMB_SUPPORT = NO;
				GCC_VERSION = "";
				INFOPLIST_FILE = "SMO/SMO-Info.plist";
				IPHONEOS_DEPLOYMENT_TARGET = 11.0;
				LD_RUNPATH_SEARCH_PATHS = "@executable_path/Frameworks";
				PRODUCT_BUNDLE_IDENTIFIER = com.jcinnovation.smo;
				PRODUCT_NAME = "$(TARGET_NAME)";
				PROVISIONING_PROFILE_SPECIFIER = "";
				TARGETED_DEVICE_FAMILY = 1;
				VALIDATE_WORKSPACE = NO;
			};
			name = Debug;
		};
		1D6058950D05DD3E006BFB54 /* Release */ = {
			isa = XCBuildConfiguration;
			baseConfigurationReference = 3047A5101AB8059700498E2A /* build-release.xcconfig */;
			buildSettings = {
				ALWAYS_SEARCH_USER_PATHS = NO;
				ASSETCATALOG_COMPILER_APPICON_NAME = AppIcon;
				CLANG_ENABLE_MODULES = YES;
				CLANG_ENABLE_OBJC_ARC = YES;
				CODE_SIGN_IDENTITY = "Apple Development";
				CODE_SIGN_STYLE = Automatic;
				COPY_PHASE_STRIP = YES;
				DEVELOPMENT_TEAM = VF6838B5PA;
				GCC_PRECOMPILE_PREFIX_HEADER = YES;
				GCC_PREFIX_HEADER = "SMO/SMO-Prefix.pch";
				GCC_THUMB_SUPPORT = NO;
				GCC_VERSION = "";
				INFOPLIST_FILE = "SMO/SMO-Info.plist";
				IPHONEOS_DEPLOYMENT_TARGET = 11.0;
				LD_RUNPATH_SEARCH_PATHS = "@executable_path/Frameworks";
				PRODUCT_BUNDLE_IDENTIFIER = com.jcinnovation.smo;
				PRODUCT_NAME = "$(TARGET_NAME)";
				PROVISIONING_PROFILE_SPECIFIER = "";
				TARGETED_DEVICE_FAMILY = 1;
				VALIDATE_WORKSPACE = NO;
			};
			name = Release;
		};
		C01FCF4F08A954540054247B /* Debug */ = {
			isa = XCBuildConfiguration;
			baseConfigurationReference = 3047A5111AB8059700498E2A /* build.xcconfig */;
			buildSettings = {
				CLANG_ANALYZER_LOCALIZABILITY_NONLOCALIZED = YES;
				CLANG_ENABLE_MODULES = YES;
				CLANG_ENABLE_OBJC_ARC = YES;
				CLANG_WARN_BLOCK_CAPTURE_AUTORELEASING = YES;
				CLANG_WARN_BOOL_CONVERSION = YES;
				CLANG_WARN_COMMA = YES;
				CLANG_WARN_CONSTANT_CONVERSION = YES;
				CLANG_WARN_DEPRECATED_OBJC_IMPLEMENTATIONS = YES;
				CLANG_WARN_EMPTY_BODY = YES;
				CLANG_WARN_ENUM_CONVERSION = YES;
				CLANG_WARN_INFINITE_RECURSION = YES;
				CLANG_WARN_INT_CONVERSION = YES;
				CLANG_WARN_NON_LITERAL_NULL_CONVERSION = YES;
				CLANG_WARN_OBJC_IMPLICIT_RETAIN_SELF = YES;
				CLANG_WARN_OBJC_LITERAL_CONVERSION = YES;
				CLANG_WARN_RANGE_LOOP_ANALYSIS = YES;
				CLANG_WARN_STRICT_PROTOTYPES = YES;
				CLANG_WARN_SUSPICIOUS_MOVE = YES;
				CLANG_WARN_UNREACHABLE_CODE = YES;
				CLANG_WARN__DUPLICATE_METHOD_MATCH = YES;
				ENABLE_STRICT_OBJC_MSGSEND = YES;
				ENABLE_TESTABILITY = YES;
				GCC_C_LANGUAGE_STANDARD = c99;
				GCC_NO_COMMON_BLOCKS = YES;
				GCC_THUMB_SUPPORT = NO;
				GCC_VERSION = "";
				GCC_WARN_64_TO_32_BIT_CONVERSION = YES;
				GCC_WARN_ABOUT_RETURN_TYPE = YES;
				GCC_WARN_UNDECLARED_SELECTOR = YES;
				GCC_WARN_UNINITIALIZED_AUTOS = YES;
				GCC_WARN_UNUSED_FUNCTION = YES;
				GCC_WARN_UNUSED_VARIABLE = YES;
				IPHONEOS_DEPLOYMENT_TARGET = 11.0;
				ONLY_ACTIVE_ARCH = YES;
				SDKROOT = iphoneos;
				SKIP_INSTALL = NO;
				WK_WEB_VIEW_ONLY = 1;
			};
			name = Debug;
		};
		C01FCF5008A954540054247B /* Release */ = {
			isa = XCBuildConfiguration;
			baseConfigurationReference = 3047A5111AB8059700498E2A /* build.xcconfig */;
			buildSettings = {
				CLANG_ANALYZER_LOCALIZABILITY_NONLOCALIZED = YES;
				CLANG_ENABLE_MODULES = YES;
				CLANG_ENABLE_OBJC_ARC = YES;
				CLANG_WARN_BLOCK_CAPTURE_AUTORELEASING = YES;
				CLANG_WARN_BOOL_CONVERSION = YES;
				CLANG_WARN_COMMA = YES;
				CLANG_WARN_CONSTANT_CONVERSION = YES;
				CLANG_WARN_DEPRECATED_OBJC_IMPLEMENTATIONS = YES;
				CLANG_WARN_EMPTY_BODY = YES;
				CLANG_WARN_ENUM_CONVERSION = YES;
				CLANG_WARN_INFINITE_RECURSION = YES;
				CLANG_WARN_INT_CONVERSION = YES;
				CLANG_WARN_NON_LITERAL_NULL_CONVERSION = YES;
				CLANG_WARN_OBJC_IMPLICIT_RETAIN_SELF = YES;
				CLANG_WARN_OBJC_LITERAL_CONVERSION = YES;
				CLANG_WARN_RANGE_LOOP_ANALYSIS = YES;
				CLANG_WARN_STRICT_PROTOTYPES = YES;
				CLANG_WARN_SUSPICIOUS_MOVE = YES;
				CLANG_WARN_UNREACHABLE_CODE = YES;
				CLANG_WARN__DUPLICATE_METHOD_MATCH = YES;
				ENABLE_STRICT_OBJC_MSGSEND = YES;
				GCC_C_LANGUAGE_STANDARD = c99;
				GCC_NO_COMMON_BLOCKS = YES;
				GCC_THUMB_SUPPORT = NO;
				GCC_VERSION = "";
				GCC_WARN_64_TO_32_BIT_CONVERSION = YES;
				GCC_WARN_ABOUT_RETURN_TYPE = YES;
				GCC_WARN_UNDECLARED_SELECTOR = YES;
				GCC_WARN_UNINITIALIZED_AUTOS = YES;
				GCC_WARN_UNUSED_FUNCTION = YES;
				GCC_WARN_UNUSED_VARIABLE = YES;
				IPHONEOS_DEPLOYMENT_TARGET = 11.0;
				SDKROOT = iphoneos;
				SKIP_INSTALL = NO;
				WK_WEB_VIEW_ONLY = 1;
			};
			name = Release;
		};
/* End XCBuildConfiguration section */

/* Begin XCConfigurationList section */
		1D6058960D05DD3E006BFB54 /* Build configuration list for PBXNativeTarget "SMO" */ = {
			isa = XCConfigurationList;
			buildConfigurations = (
				1D6058940D05DD3E006BFB54 /* Debug */,
				1D6058950D05DD3E006BFB54 /* Release */,
			);
			defaultConfigurationIsVisible = 0;
			defaultConfigurationName = Release;
		};
		C01FCF4E08A954540054247B /* Build configuration list for PBXProject "SMO" */ = {
			isa = XCConfigurationList;
			buildConfigurations = (
				C01FCF4F08A954540054247B /* Debug */,
				C01FCF5008A954540054247B /* Release */,
			);
			defaultConfigurationIsVisible = 0;
			defaultConfigurationName = Release;
		};
/* End XCConfigurationList section */
	};
	rootObject = 29B97313FDCFA39411CA2CEA /* Project object */;
}
